// !$*UTF8*$!
{
	archiveVersion = 1;
	classes = {
	};
	objectVersion = 46;
	objects = {

/* Begin PBXBuildFile section */
		006ECFC41C44E99E00EF6364 /* LegacyConstantRule.swift in Sources */ = {isa = PBXBuildFile; fileRef = 006ECFC31C44E99E00EF6364 /* LegacyConstantRule.swift */; };
		00970C751C3FC3A0007C4A83 /* ConditionalBindingCascadeRule.swift in Sources */ = {isa = PBXBuildFile; fileRef = 00970C741C3FC3A0007C4A83 /* ConditionalBindingCascadeRule.swift */; };
		02FD8AEF1BFC18D60014BFFB /* ExtendedNSStringTests.swift in Sources */ = {isa = PBXBuildFile; fileRef = 02FD8AEE1BFC18D60014BFFB /* ExtendedNSStringTests.swift */; };
		1F11B3CF1C252F23002E8FA8 /* ClosingBraceRule.swift in Sources */ = {isa = PBXBuildFile; fileRef = 1F11B3CE1C252F23002E8FA8 /* ClosingBraceRule.swift */; };
		24E17F721B14BB3F008195BE /* File+Cache.swift in Sources */ = {isa = PBXBuildFile; fileRef = 24E17F701B1481FF008195BE /* File+Cache.swift */; };
		2E02005F1C54BF680024D09D /* CyclomaticComplexityRule.swift in Sources */ = {isa = PBXBuildFile; fileRef = 2E02005E1C54BF680024D09D /* CyclomaticComplexityRule.swift */; };
		2E5761AA1C573B83003271AF /* FunctionParameterCountRule.swift in Sources */ = {isa = PBXBuildFile; fileRef = 2E5761A91C573B83003271AF /* FunctionParameterCountRule.swift */; };
		3B0B14541C505D6300BE82F7 /* SeverityConfiguration.swift in Sources */ = {isa = PBXBuildFile; fileRef = 3B0B14531C505D6300BE82F7 /* SeverityConfiguration.swift */; };
		3B1150CA1C31FC3F00D83B1E /* Yaml+SwiftLint.swift in Sources */ = {isa = PBXBuildFile; fileRef = 3B1150C91C31FC3F00D83B1E /* Yaml+SwiftLint.swift */; };
		3B12C9C11C3209CB000B423F /* test.yml in Resources */ = {isa = PBXBuildFile; fileRef = 3B12C9BF1C3209AC000B423F /* test.yml */; };
		3B12C9C31C320A53000B423F /* Yaml+SwiftLintTests.swift in Sources */ = {isa = PBXBuildFile; fileRef = 3B12C9C21C320A53000B423F /* Yaml+SwiftLintTests.swift */; };
		3B12C9C51C322032000B423F /* MasterRuleList.swift in Sources */ = {isa = PBXBuildFile; fileRef = 3B12C9C41C322032000B423F /* MasterRuleList.swift */; };
		3B12C9C71C3361CB000B423F /* RuleTests.swift in Sources */ = {isa = PBXBuildFile; fileRef = 3B12C9C61C3361CB000B423F /* RuleTests.swift */; };
		3B1DF0121C5148140011BCED /* CustomRules.swift in Sources */ = {isa = PBXBuildFile; fileRef = 3B1DF0111C5148140011BCED /* CustomRules.swift */; };
		3B30C4A11C3785B300E04027 /* YamlParserTests.swift in Sources */ = {isa = PBXBuildFile; fileRef = 3B30C4A01C3785B300E04027 /* YamlParserTests.swift */; };
		3B5B9FE11C444DA20009AD27 /* Array+SwiftLint.swift in Sources */ = {isa = PBXBuildFile; fileRef = 3B5B9FE01C444DA20009AD27 /* Array+SwiftLint.swift */; };
		3B828E531C546468000D180E /* RuleConfiguration.swift in Sources */ = {isa = PBXBuildFile; fileRef = 3B828E521C546468000D180E /* RuleConfiguration.swift */; };
		3BA79C9B1C4767910057E705 /* NSRange+SwiftLint.swift in Sources */ = {isa = PBXBuildFile; fileRef = 3BA79C9A1C4767910057E705 /* NSRange+SwiftLint.swift */; };
		3BB47D831C514E8100AE6A10 /* RegexConfiguration.swift in Sources */ = {isa = PBXBuildFile; fileRef = 3BB47D821C514E8100AE6A10 /* RegexConfiguration.swift */; };
		3BB47D851C51D80000AE6A10 /* NSRegularExpression+SwiftLint.swift in Sources */ = {isa = PBXBuildFile; fileRef = 3BB47D841C51D80000AE6A10 /* NSRegularExpression+SwiftLint.swift */; };
		3BB47D871C51DE6E00AE6A10 /* CustomRulesTests.swift in Sources */ = {isa = PBXBuildFile; fileRef = 3BB47D861C51DE6E00AE6A10 /* CustomRulesTests.swift */; };
		3BBF2F9D1C640A0F006CD775 /* SwiftyTextTable.framework in Frameworks */ = {isa = PBXBuildFile; fileRef = 3BBF2F9C1C640A0F006CD775 /* SwiftyTextTable.framework */; };
		3BBF2F9E1C640A3B006CD775 /* SwiftyTextTable.framework in Copy Frameworks */ = {isa = PBXBuildFile; fileRef = 3BBF2F9C1C640A0F006CD775 /* SwiftyTextTable.framework */; settings = {ATTRIBUTES = (CodeSignOnCopy, RemoveHeadersOnCopy, ); }; };
		3BCC04CD1C4F5694006073C3 /* ConfigurationError.swift in Sources */ = {isa = PBXBuildFile; fileRef = 3BCC04CC1C4F5694006073C3 /* ConfigurationError.swift */; };
		3BCC04D11C4F56D3006073C3 /* SeverityLevelsConfiguration.swift in Sources */ = {isa = PBXBuildFile; fileRef = 3BCC04CF1C4F56D3006073C3 /* SeverityLevelsConfiguration.swift */; };
		3BCC04D21C4F56D3006073C3 /* NameConfiguration.swift in Sources */ = {isa = PBXBuildFile; fileRef = 3BCC04D01C4F56D3006073C3 /* NameConfiguration.swift */; };
		3BCC04D41C502BAB006073C3 /* RuleConfigurationTests.swift in Sources */ = {isa = PBXBuildFile; fileRef = 3BCC04D31C502BAB006073C3 /* RuleConfigurationTests.swift */; };
		3BD9CD3D1C37175B009A5D25 /* YamlParser.swift in Sources */ = {isa = PBXBuildFile; fileRef = 3BD9CD3C1C37175B009A5D25 /* YamlParser.swift */; };
		3BDB224B1C345B4900473680 /* ProjectMock in Resources */ = {isa = PBXBuildFile; fileRef = 3BDB224A1C345B4900473680 /* ProjectMock */; };
		69F88BF71BDA38A6005E7CAE /* OpeningBraceRule.swift in Sources */ = {isa = PBXBuildFile; fileRef = 692B1EB11BD7E00F00EAABFF /* OpeningBraceRule.swift */; };
		6CB514E91C760C6900FA02C4 /* Structure+SwiftLint.swift in Sources */ = {isa = PBXBuildFile; fileRef = 6CB514E81C760C6900FA02C4 /* Structure+SwiftLint.swift */; };
		6CC4259B1C77046200AEA885 /* SyntaxMap+SwiftLint.swift in Sources */ = {isa = PBXBuildFile; fileRef = 6CC4259A1C77046200AEA885 /* SyntaxMap+SwiftLint.swift */; };
		83894F221B0C928A006214E1 /* RulesCommand.swift in Sources */ = {isa = PBXBuildFile; fileRef = 83894F211B0C928A006214E1 /* RulesCommand.swift */; };
		83D71E281B131ECE000395DE /* RuleDescription.swift in Sources */ = {isa = PBXBuildFile; fileRef = 83D71E261B131EB5000395DE /* RuleDescription.swift */; };
		B58AEED61C492C7B00E901FD /* ForceUnwrappingRule.swift in Sources */ = {isa = PBXBuildFile; fileRef = B58AEED51C492C7B00E901FD /* ForceUnwrappingRule.swift */; };
		D0AAAB5019FB0960007B24B3 /* SwiftLintFramework.framework in Embed Frameworks */ = {isa = PBXBuildFile; fileRef = D0D1216D19E87B05005E4BAA /* SwiftLintFramework.framework */; settings = {ATTRIBUTES = (CodeSignOnCopy, RemoveHeadersOnCopy, ); }; };
		D0D1217819E87B05005E4BAA /* SwiftLintFramework.framework in Frameworks */ = {isa = PBXBuildFile; fileRef = D0D1216D19E87B05005E4BAA /* SwiftLintFramework.framework */; };
		D0E7B65319E9C6AD00EDBA4D /* SwiftLintFramework.framework in Frameworks */ = {isa = PBXBuildFile; fileRef = D0D1216D19E87B05005E4BAA /* SwiftLintFramework.framework */; };
		D0E7B65619E9C76900EDBA4D /* main.swift in Sources */ = {isa = PBXBuildFile; fileRef = D0D1211B19E87861005E4BAA /* main.swift */; };
		D4348EEA1C46122C007707FB /* FunctionBodyLengthRuleTests.swift in Sources */ = {isa = PBXBuildFile; fileRef = D4348EE91C46122C007707FB /* FunctionBodyLengthRuleTests.swift */; };
		D44AD2761C0AA5350048F7B0 /* LegacyConstructorRule.swift in Sources */ = {isa = PBXBuildFile; fileRef = D44AD2741C0AA3730048F7B0 /* LegacyConstructorRule.swift */; };
		E57B23C11B1D8BF000DEA512 /* ReturnArrowWhitespaceRule.swift in Sources */ = {isa = PBXBuildFile; fileRef = E57B23C01B1D8BF000DEA512 /* ReturnArrowWhitespaceRule.swift */; };
		E802ED001C56A56000A35AE1 /* Benchmark.swift in Sources */ = {isa = PBXBuildFile; fileRef = E802ECFF1C56A56000A35AE1 /* Benchmark.swift */; };
		E809EDA11B8A71DF00399043 /* Configuration.swift in Sources */ = {isa = PBXBuildFile; fileRef = E809EDA01B8A71DF00399043 /* Configuration.swift */; };
		E809EDA31B8A73FB00399043 /* ConfigurationTests.swift in Sources */ = {isa = PBXBuildFile; fileRef = E809EDA21B8A73FB00399043 /* ConfigurationTests.swift */; };
		E80E018D1B92C0F60078EB70 /* Command.swift in Sources */ = {isa = PBXBuildFile; fileRef = E80E018C1B92C0F60078EB70 /* Command.swift */; };
		E80E018F1B92C1350078EB70 /* Region.swift in Sources */ = {isa = PBXBuildFile; fileRef = E80E018E1B92C1350078EB70 /* Region.swift */; };
		E812249A1B04F85B001783D2 /* TestHelpers.swift in Sources */ = {isa = PBXBuildFile; fileRef = E81224991B04F85B001783D2 /* TestHelpers.swift */; };
		E812249C1B04FADC001783D2 /* Linter.swift in Sources */ = {isa = PBXBuildFile; fileRef = E812249B1B04FADC001783D2 /* Linter.swift */; };
		E816194C1BFBF35D00946723 /* SwiftDeclarationKind+SwiftLint.swift in Sources */ = {isa = PBXBuildFile; fileRef = E816194B1BFBF35D00946723 /* SwiftDeclarationKind+SwiftLint.swift */; };
		E816194E1BFBFEAB00946723 /* ForceTryRule.swift in Sources */ = {isa = PBXBuildFile; fileRef = E816194D1BFBFEAB00946723 /* ForceTryRule.swift */; };
		E81619531BFC162C00946723 /* QueuedPrint.swift in Sources */ = {isa = PBXBuildFile; fileRef = E81619521BFC162C00946723 /* QueuedPrint.swift */; };
		E81CDE711C00FEAA00B430F6 /* ValidDocsRule.swift in Sources */ = {isa = PBXBuildFile; fileRef = E81CDE701C00FEAA00B430F6 /* ValidDocsRule.swift */; };
		E81FB3E41C6D507B00DC988F /* CommonOptions.swift in Sources */ = {isa = PBXBuildFile; fileRef = E81FB3E31C6D507B00DC988F /* CommonOptions.swift */; };
		E832F10B1B17E2F5003F265F /* NSFileManager+SwiftLint.swift in Sources */ = {isa = PBXBuildFile; fileRef = E832F10A1B17E2F5003F265F /* NSFileManager+SwiftLint.swift */; };
		E832F10D1B17E725003F265F /* IntegrationTests.swift in Sources */ = {isa = PBXBuildFile; fileRef = E832F10C1B17E725003F265F /* IntegrationTests.swift */; };
		E83A0B351A5D382B0041A60A /* VersionCommand.swift in Sources */ = {isa = PBXBuildFile; fileRef = E83A0B341A5D382B0041A60A /* VersionCommand.swift */; };
		E847F0A91BFBBABD00EA9363 /* EmptyCountRule.swift in Sources */ = {isa = PBXBuildFile; fileRef = E847F0A81BFBBABD00EA9363 /* EmptyCountRule.swift */; };
		E849FF281BF9481A009AE999 /* MissingDocsRule.swift in Sources */ = {isa = PBXBuildFile; fileRef = E849FF271BF9481A009AE999 /* MissingDocsRule.swift */; };
		E84E07471C13F95300F11122 /* AutoCorrectCommand.swift in Sources */ = {isa = PBXBuildFile; fileRef = E84E07461C13F95300F11122 /* AutoCorrectCommand.swift */; };
		E861519B1B0573B900C54AC0 /* LintCommand.swift in Sources */ = {isa = PBXBuildFile; fileRef = E861519A1B0573B900C54AC0 /* LintCommand.swift */; };
		E86396C21BADAAE5002C9E88 /* Reporter.swift in Sources */ = {isa = PBXBuildFile; fileRef = E86396C11BADAAE5002C9E88 /* Reporter.swift */; };
		E86396C51BADAC15002C9E88 /* XcodeReporter.swift in Sources */ = {isa = PBXBuildFile; fileRef = E86396C41BADAC15002C9E88 /* XcodeReporter.swift */; };
		E86396C71BADAFE6002C9E88 /* ReporterTests.swift in Sources */ = {isa = PBXBuildFile; fileRef = E86396C61BADAFE6002C9E88 /* ReporterTests.swift */; };
		E86396C91BADB2B9002C9E88 /* JSONReporter.swift in Sources */ = {isa = PBXBuildFile; fileRef = E86396C81BADB2B9002C9E88 /* JSONReporter.swift */; };
		E86396CB1BADB519002C9E88 /* CSVReporter.swift in Sources */ = {isa = PBXBuildFile; fileRef = E86396CA1BADB519002C9E88 /* CSVReporter.swift */; };
		E876BFBE1B07828500114ED5 /* SourceKittenFramework.framework in Frameworks */ = {isa = PBXBuildFile; fileRef = E876BFBD1B07828500114ED5 /* SourceKittenFramework.framework */; };
		E876BFBF1B0782AA00114ED5 /* SourceKittenFramework.framework in Copy Frameworks */ = {isa = PBXBuildFile; fileRef = E876BFBD1B07828500114ED5 /* SourceKittenFramework.framework */; settings = {ATTRIBUTES = (CodeSignOnCopy, RemoveHeadersOnCopy, ); }; };
		E87E4A051BFB927C00FCFE46 /* TrailingSemicolonRule.swift in Sources */ = {isa = PBXBuildFile; fileRef = E87E4A041BFB927C00FCFE46 /* TrailingSemicolonRule.swift */; };
		E87E4A091BFB9CAE00FCFE46 /* SyntaxKind+SwiftLint.swift in Sources */ = {isa = PBXBuildFile; fileRef = E87E4A081BFB9CAE00FCFE46 /* SyntaxKind+SwiftLint.swift */; };
		E88198421BEA929F00333A11 /* NestingRule.swift in Sources */ = {isa = PBXBuildFile; fileRef = E88DEA951B099CF200A66CB0 /* NestingRule.swift */; };
		E88198441BEA93D200333A11 /* ColonRule.swift in Sources */ = {isa = PBXBuildFile; fileRef = E88DEA831B0990F500A66CB0 /* ColonRule.swift */; };
		E88198521BEA941300333A11 /* TodoRule.swift in Sources */ = {isa = PBXBuildFile; fileRef = E88DEA811B0990A700A66CB0 /* TodoRule.swift */; };
		E88198531BEA944400333A11 /* LineLengthRule.swift in Sources */ = {isa = PBXBuildFile; fileRef = E88DEA7B1B098D7D00A66CB0 /* LineLengthRule.swift */; };
		E88198541BEA945100333A11 /* CommaRule.swift in Sources */ = {isa = PBXBuildFile; fileRef = 695BE9CE1BDFD92B0071E985 /* CommaRule.swift */; };
		E88198551BEA949A00333A11 /* ControlStatementRule.swift in Sources */ = {isa = PBXBuildFile; fileRef = 65454F451B14D73800319A6C /* ControlStatementRule.swift */; };
		E88198561BEA94D800333A11 /* FileLengthRule.swift in Sources */ = {isa = PBXBuildFile; fileRef = E88DEA891B0992B300A66CB0 /* FileLengthRule.swift */; };
		E88198571BEA953300333A11 /* ForceCastRule.swift in Sources */ = {isa = PBXBuildFile; fileRef = E88DEA7F1B09903300A66CB0 /* ForceCastRule.swift */; };
		E88198581BEA956C00333A11 /* FunctionBodyLengthRule.swift in Sources */ = {isa = PBXBuildFile; fileRef = E88DEA8F1B099A3100A66CB0 /* FunctionBodyLengthRule.swift */; };
		E88198591BEA95F100333A11 /* LeadingWhitespaceRule.swift in Sources */ = {isa = PBXBuildFile; fileRef = E88DEA7D1B098F2A00A66CB0 /* LeadingWhitespaceRule.swift */; };
		E881985A1BEA96EA00333A11 /* OperatorFunctionWhitespaceRule.swift in Sources */ = {isa = PBXBuildFile; fileRef = E5A167C81B25A0B000CF2D03 /* OperatorFunctionWhitespaceRule.swift */; };
		E881985B1BEA974E00333A11 /* StatementPositionRule.swift in Sources */ = {isa = PBXBuildFile; fileRef = 692B60AB1BD8F2E700C7AA22 /* StatementPositionRule.swift */; };
		E881985C1BEA978500333A11 /* TrailingNewlineRule.swift in Sources */ = {isa = PBXBuildFile; fileRef = E88DEA871B09924C00A66CB0 /* TrailingNewlineRule.swift */; };
		E881985D1BEA97EB00333A11 /* TrailingWhitespaceRule.swift in Sources */ = {isa = PBXBuildFile; fileRef = E88DEA851B0991BF00A66CB0 /* TrailingWhitespaceRule.swift */; };
		E881985E1BEA982100333A11 /* TypeBodyLengthRule.swift in Sources */ = {isa = PBXBuildFile; fileRef = E88DEA8D1B0999CD00A66CB0 /* TypeBodyLengthRule.swift */; };
		E881985F1BEA987C00333A11 /* TypeNameRule.swift in Sources */ = {isa = PBXBuildFile; fileRef = E88DEA911B099B1F00A66CB0 /* TypeNameRule.swift */; };
		E88198601BEA98F000333A11 /* VariableNameRule.swift in Sources */ = {isa = PBXBuildFile; fileRef = E88DEA931B099C0900A66CB0 /* VariableNameRule.swift */; };
		E88198631BEA9A5400333A11 /* RulesTests.swift in Sources */ = {isa = PBXBuildFile; fileRef = E8BB8F9B1B17DE3B00199606 /* RulesTests.swift */; };
		E88DEA6B1B0983FE00A66CB0 /* StyleViolation.swift in Sources */ = {isa = PBXBuildFile; fileRef = E88DEA6A1B0983FE00A66CB0 /* StyleViolation.swift */; };
		E88DEA6F1B09843F00A66CB0 /* Location.swift in Sources */ = {isa = PBXBuildFile; fileRef = E88DEA6E1B09843F00A66CB0 /* Location.swift */; };
		E88DEA711B09847500A66CB0 /* ViolationSeverity.swift in Sources */ = {isa = PBXBuildFile; fileRef = E88DEA701B09847500A66CB0 /* ViolationSeverity.swift */; };
		E88DEA731B0984C400A66CB0 /* String+SwiftLint.swift in Sources */ = {isa = PBXBuildFile; fileRef = E88DEA721B0984C400A66CB0 /* String+SwiftLint.swift */; };
		E88DEA751B09852000A66CB0 /* File+SwiftLint.swift in Sources */ = {isa = PBXBuildFile; fileRef = E88DEA741B09852000A66CB0 /* File+SwiftLint.swift */; };
		E88DEA771B098D0C00A66CB0 /* Rule.swift in Sources */ = {isa = PBXBuildFile; fileRef = E88DEA761B098D0C00A66CB0 /* Rule.swift */; };
		E88DEA791B098D4400A66CB0 /* RuleParameter.swift in Sources */ = {isa = PBXBuildFile; fileRef = E88DEA781B098D4400A66CB0 /* RuleParameter.swift */; };
		E88DEA8C1B0999A000A66CB0 /* ASTRule.swift in Sources */ = {isa = PBXBuildFile; fileRef = E88DEA8B1B0999A000A66CB0 /* ASTRule.swift */; };
		E89376AD1B8A701E0025708E /* Yaml.framework in Frameworks */ = {isa = PBXBuildFile; fileRef = E89376AC1B8A701E0025708E /* Yaml.framework */; };
		E89376AE1B8A70400025708E /* Yaml.framework in Copy Frameworks */ = {isa = PBXBuildFile; fileRef = E89376AC1B8A701E0025708E /* Yaml.framework */; settings = {ATTRIBUTES = (CodeSignOnCopy, RemoveHeadersOnCopy, ); }; };
		E8B067811C13E49600E9E13F /* Configuration+CommandLine.swift in Sources */ = {isa = PBXBuildFile; fileRef = E8B067801C13E49600E9E13F /* Configuration+CommandLine.swift */; };
		E8B67C3E1C095E6300FDED8E /* Correction.swift in Sources */ = {isa = PBXBuildFile; fileRef = E8B67C3D1C095E6300FDED8E /* Correction.swift */; };
		E8BA7E111B07A3EC003E02D0 /* Commandant.framework in Frameworks */ = {isa = PBXBuildFile; fileRef = E8BA7E101B07A3EC003E02D0 /* Commandant.framework */; };
		E8BA7E131B07A3F3003E02D0 /* Result.framework in Frameworks */ = {isa = PBXBuildFile; fileRef = E8BA7E121B07A3F3003E02D0 /* Result.framework */; };
		E8BA7E141B07A400003E02D0 /* Result.framework in Copy Frameworks */ = {isa = PBXBuildFile; fileRef = E8BA7E121B07A3F3003E02D0 /* Result.framework */; settings = {ATTRIBUTES = (CodeSignOnCopy, RemoveHeadersOnCopy, ); }; };
		E8BA7E151B07A400003E02D0 /* Commandant.framework in Copy Frameworks */ = {isa = PBXBuildFile; fileRef = E8BA7E101B07A3EC003E02D0 /* Commandant.framework */; settings = {ATTRIBUTES = (CodeSignOnCopy, RemoveHeadersOnCopy, ); }; };
		E8C0DFCD1AD349DB007EE3D4 /* SWXMLHash.framework in Frameworks */ = {isa = PBXBuildFile; fileRef = E8C0DFCC1AD349DB007EE3D4 /* SWXMLHash.framework */; };
		E8C0DFCE1AD349E5007EE3D4 /* SWXMLHash.framework in Copy Frameworks */ = {isa = PBXBuildFile; fileRef = E8C0DFCC1AD349DB007EE3D4 /* SWXMLHash.framework */; settings = {ATTRIBUTES = (CodeSignOnCopy, RemoveHeadersOnCopy, ); }; };
		E8EA41171C2D1DBE004F9930 /* CheckstyleReporter.swift in Sources */ = {isa = PBXBuildFile; fileRef = E8EA41161C2D1DBE004F9930 /* CheckstyleReporter.swift */; };
/* End PBXBuildFile section */

/* Begin PBXContainerItemProxy section */
		D0AAAB5119FB0960007B24B3 /* PBXContainerItemProxy */ = {
			isa = PBXContainerItemProxy;
			containerPortal = D0D1211019E87861005E4BAA /* Project object */;
			proxyType = 1;
			remoteGlobalIDString = D0D1216C19E87B05005E4BAA;
			remoteInfo = SourceKittenFramework;
		};
		D0D1217919E87B05005E4BAA /* PBXContainerItemProxy */ = {
			isa = PBXContainerItemProxy;
			containerPortal = D0D1211019E87861005E4BAA /* Project object */;
			proxyType = 1;
			remoteGlobalIDString = D0D1216C19E87B05005E4BAA;
			remoteInfo = SourceKittenFramework;
		};
/* End PBXContainerItemProxy section */

/* Begin PBXCopyFilesBuildPhase section */
		D039935519E9A9F500D13E71 /* Copy Frameworks */ = {
			isa = PBXCopyFilesBuildPhase;
			buildActionMask = 2147483647;
			dstPath = "";
			dstSubfolderSpec = 10;
			files = (
				3BBF2F9E1C640A3B006CD775 /* SwiftyTextTable.framework in Copy Frameworks */,
				E89376AE1B8A70400025708E /* Yaml.framework in Copy Frameworks */,
				E8BA7E141B07A400003E02D0 /* Result.framework in Copy Frameworks */,
				E8BA7E151B07A400003E02D0 /* Commandant.framework in Copy Frameworks */,
				E876BFBF1B0782AA00114ED5 /* SourceKittenFramework.framework in Copy Frameworks */,
				E8C0DFCE1AD349E5007EE3D4 /* SWXMLHash.framework in Copy Frameworks */,
			);
			name = "Copy Frameworks";
			runOnlyForDeploymentPostprocessing = 0;
		};
		D0AAAB5319FB0960007B24B3 /* Embed Frameworks */ = {
			isa = PBXCopyFilesBuildPhase;
			buildActionMask = 2147483647;
			dstPath = "";
			dstSubfolderSpec = 10;
			files = (
				D0AAAB5019FB0960007B24B3 /* SwiftLintFramework.framework in Embed Frameworks */,
			);
			name = "Embed Frameworks";
			runOnlyForDeploymentPostprocessing = 0;
		};
/* End PBXCopyFilesBuildPhase section */

/* Begin PBXFileReference section */
		006ECFC31C44E99E00EF6364 /* LegacyConstantRule.swift */ = {isa = PBXFileReference; fileEncoding = 4; lastKnownFileType = sourcecode.swift; path = LegacyConstantRule.swift; sourceTree = "<group>"; };
		00970C741C3FC3A0007C4A83 /* ConditionalBindingCascadeRule.swift */ = {isa = PBXFileReference; fileEncoding = 4; lastKnownFileType = sourcecode.swift; path = ConditionalBindingCascadeRule.swift; sourceTree = "<group>"; };
		02FD8AEE1BFC18D60014BFFB /* ExtendedNSStringTests.swift */ = {isa = PBXFileReference; fileEncoding = 4; lastKnownFileType = sourcecode.swift; path = ExtendedNSStringTests.swift; sourceTree = "<group>"; };
		1F11B3CE1C252F23002E8FA8 /* ClosingBraceRule.swift */ = {isa = PBXFileReference; fileEncoding = 4; lastKnownFileType = sourcecode.swift; path = ClosingBraceRule.swift; sourceTree = "<group>"; };
		24E17F701B1481FF008195BE /* File+Cache.swift */ = {isa = PBXFileReference; fileEncoding = 4; lastKnownFileType = sourcecode.swift; path = "File+Cache.swift"; sourceTree = "<group>"; };
		2E02005E1C54BF680024D09D /* CyclomaticComplexityRule.swift */ = {isa = PBXFileReference; fileEncoding = 4; lastKnownFileType = sourcecode.swift; path = CyclomaticComplexityRule.swift; sourceTree = "<group>"; };
		2E5761A91C573B83003271AF /* FunctionParameterCountRule.swift */ = {isa = PBXFileReference; fileEncoding = 4; lastKnownFileType = sourcecode.swift; path = FunctionParameterCountRule.swift; sourceTree = "<group>"; };
		3B0B14531C505D6300BE82F7 /* SeverityConfiguration.swift */ = {isa = PBXFileReference; fileEncoding = 4; lastKnownFileType = sourcecode.swift; path = SeverityConfiguration.swift; sourceTree = "<group>"; };
		3B1150C91C31FC3F00D83B1E /* Yaml+SwiftLint.swift */ = {isa = PBXFileReference; fileEncoding = 4; lastKnownFileType = sourcecode.swift; path = "Yaml+SwiftLint.swift"; sourceTree = "<group>"; };
		3B12C9BF1C3209AC000B423F /* test.yml */ = {isa = PBXFileReference; lastKnownFileType = text; path = test.yml; sourceTree = "<group>"; };
		3B12C9C21C320A53000B423F /* Yaml+SwiftLintTests.swift */ = {isa = PBXFileReference; fileEncoding = 4; lastKnownFileType = sourcecode.swift; path = "Yaml+SwiftLintTests.swift"; sourceTree = "<group>"; };
		3B12C9C41C322032000B423F /* MasterRuleList.swift */ = {isa = PBXFileReference; fileEncoding = 4; lastKnownFileType = sourcecode.swift; path = MasterRuleList.swift; sourceTree = "<group>"; };
		3B12C9C61C3361CB000B423F /* RuleTests.swift */ = {isa = PBXFileReference; fileEncoding = 4; lastKnownFileType = sourcecode.swift; path = RuleTests.swift; sourceTree = "<group>"; };
		3B1DF0111C5148140011BCED /* CustomRules.swift */ = {isa = PBXFileReference; fileEncoding = 4; lastKnownFileType = sourcecode.swift; path = CustomRules.swift; sourceTree = "<group>"; };
		3B30C4A01C3785B300E04027 /* YamlParserTests.swift */ = {isa = PBXFileReference; fileEncoding = 4; lastKnownFileType = sourcecode.swift; path = YamlParserTests.swift; sourceTree = "<group>"; };
		3B5B9FE01C444DA20009AD27 /* Array+SwiftLint.swift */ = {isa = PBXFileReference; fileEncoding = 4; lastKnownFileType = sourcecode.swift; path = "Array+SwiftLint.swift"; sourceTree = "<group>"; };
		3B828E521C546468000D180E /* RuleConfiguration.swift */ = {isa = PBXFileReference; fileEncoding = 4; lastKnownFileType = sourcecode.swift; path = RuleConfiguration.swift; sourceTree = "<group>"; };
		3BA79C9A1C4767910057E705 /* NSRange+SwiftLint.swift */ = {isa = PBXFileReference; fileEncoding = 4; lastKnownFileType = sourcecode.swift; path = "NSRange+SwiftLint.swift"; sourceTree = "<group>"; };
		3BB47D821C514E8100AE6A10 /* RegexConfiguration.swift */ = {isa = PBXFileReference; fileEncoding = 4; lastKnownFileType = sourcecode.swift; path = RegexConfiguration.swift; sourceTree = "<group>"; };
		3BB47D841C51D80000AE6A10 /* NSRegularExpression+SwiftLint.swift */ = {isa = PBXFileReference; fileEncoding = 4; lastKnownFileType = sourcecode.swift; path = "NSRegularExpression+SwiftLint.swift"; sourceTree = "<group>"; };
		3BB47D861C51DE6E00AE6A10 /* CustomRulesTests.swift */ = {isa = PBXFileReference; fileEncoding = 4; lastKnownFileType = sourcecode.swift; path = CustomRulesTests.swift; sourceTree = "<group>"; };
		3BBF2F9C1C640A0F006CD775 /* SwiftyTextTable.framework */ = {isa = PBXFileReference; lastKnownFileType = wrapper.framework; path = SwiftyTextTable.framework; sourceTree = BUILT_PRODUCTS_DIR; };
		3BCC04CC1C4F5694006073C3 /* ConfigurationError.swift */ = {isa = PBXFileReference; fileEncoding = 4; lastKnownFileType = sourcecode.swift; path = ConfigurationError.swift; sourceTree = "<group>"; };
		3BCC04CF1C4F56D3006073C3 /* SeverityLevelsConfiguration.swift */ = {isa = PBXFileReference; fileEncoding = 4; lastKnownFileType = sourcecode.swift; path = SeverityLevelsConfiguration.swift; sourceTree = "<group>"; };
		3BCC04D01C4F56D3006073C3 /* NameConfiguration.swift */ = {isa = PBXFileReference; fileEncoding = 4; lastKnownFileType = sourcecode.swift; path = NameConfiguration.swift; sourceTree = "<group>"; };
		3BCC04D31C502BAB006073C3 /* RuleConfigurationTests.swift */ = {isa = PBXFileReference; fileEncoding = 4; lastKnownFileType = sourcecode.swift; path = RuleConfigurationTests.swift; sourceTree = "<group>"; };
		3BD9CD3C1C37175B009A5D25 /* YamlParser.swift */ = {isa = PBXFileReference; fileEncoding = 4; lastKnownFileType = sourcecode.swift; path = YamlParser.swift; sourceTree = "<group>"; };
		3BDB224A1C345B4900473680 /* ProjectMock */ = {isa = PBXFileReference; lastKnownFileType = folder; path = ProjectMock; sourceTree = "<group>"; };
		5499CA961A2394B700783309 /* Components.plist */ = {isa = PBXFileReference; lastKnownFileType = text.plist.xml; path = Components.plist; sourceTree = "<group>"; };
		5499CA971A2394B700783309 /* Info.plist */ = {isa = PBXFileReference; lastKnownFileType = text.plist.xml; path = Info.plist; sourceTree = "<group>"; };
		65454F451B14D73800319A6C /* ControlStatementRule.swift */ = {isa = PBXFileReference; fileEncoding = 4; lastKnownFileType = sourcecode.swift; path = ControlStatementRule.swift; sourceTree = "<group>"; };
		692B1EB11BD7E00F00EAABFF /* OpeningBraceRule.swift */ = {isa = PBXFileReference; fileEncoding = 4; lastKnownFileType = sourcecode.swift; path = OpeningBraceRule.swift; sourceTree = "<group>"; };
		692B60AB1BD8F2E700C7AA22 /* StatementPositionRule.swift */ = {isa = PBXFileReference; fileEncoding = 4; lastKnownFileType = sourcecode.swift; path = StatementPositionRule.swift; sourceTree = "<group>"; };
		695BE9CE1BDFD92B0071E985 /* CommaRule.swift */ = {isa = PBXFileReference; fileEncoding = 4; lastKnownFileType = sourcecode.swift; path = CommaRule.swift; sourceTree = "<group>"; };
		6CB514E81C760C6900FA02C4 /* Structure+SwiftLint.swift */ = {isa = PBXFileReference; fileEncoding = 4; lastKnownFileType = sourcecode.swift; path = "Structure+SwiftLint.swift"; sourceTree = "<group>"; };
		6CC4259A1C77046200AEA885 /* SyntaxMap+SwiftLint.swift */ = {isa = PBXFileReference; fileEncoding = 4; lastKnownFileType = sourcecode.swift; path = "SyntaxMap+SwiftLint.swift"; sourceTree = "<group>"; };
		83894F211B0C928A006214E1 /* RulesCommand.swift */ = {isa = PBXFileReference; fileEncoding = 4; lastKnownFileType = sourcecode.swift; path = RulesCommand.swift; sourceTree = "<group>"; };
		83D71E261B131EB5000395DE /* RuleDescription.swift */ = {isa = PBXFileReference; fileEncoding = 4; lastKnownFileType = sourcecode.swift; path = RuleDescription.swift; sourceTree = "<group>"; };
		B58AEED51C492C7B00E901FD /* ForceUnwrappingRule.swift */ = {isa = PBXFileReference; fileEncoding = 4; lastKnownFileType = sourcecode.swift; path = ForceUnwrappingRule.swift; sourceTree = "<group>"; };
		D0D1211B19E87861005E4BAA /* main.swift */ = {isa = PBXFileReference; lastKnownFileType = sourcecode.swift; path = main.swift; sourceTree = "<group>"; usesTabs = 0; };
		D0D1212419E878CC005E4BAA /* Common.xcconfig */ = {isa = PBXFileReference; lastKnownFileType = text.xcconfig; path = Common.xcconfig; sourceTree = "<group>"; };
		D0D1212619E878CC005E4BAA /* Debug.xcconfig */ = {isa = PBXFileReference; lastKnownFileType = text.xcconfig; path = Debug.xcconfig; sourceTree = "<group>"; };
		D0D1212719E878CC005E4BAA /* Profile.xcconfig */ = {isa = PBXFileReference; lastKnownFileType = text.xcconfig; path = Profile.xcconfig; sourceTree = "<group>"; };
		D0D1212819E878CC005E4BAA /* Release.xcconfig */ = {isa = PBXFileReference; lastKnownFileType = text.xcconfig; path = Release.xcconfig; sourceTree = "<group>"; };
		D0D1212919E878CC005E4BAA /* Test.xcconfig */ = {isa = PBXFileReference; lastKnownFileType = text.xcconfig; path = Test.xcconfig; sourceTree = "<group>"; };
		D0D1212B19E878CC005E4BAA /* Application.xcconfig */ = {isa = PBXFileReference; lastKnownFileType = text.xcconfig; path = Application.xcconfig; sourceTree = "<group>"; };
		D0D1212C19E878CC005E4BAA /* Framework.xcconfig */ = {isa = PBXFileReference; lastKnownFileType = text.xcconfig; path = Framework.xcconfig; sourceTree = "<group>"; };
		D0D1212D19E878CC005E4BAA /* StaticLibrary.xcconfig */ = {isa = PBXFileReference; lastKnownFileType = text.xcconfig; path = StaticLibrary.xcconfig; sourceTree = "<group>"; };
		D0D1212F19E878CC005E4BAA /* iOS-Application.xcconfig */ = {isa = PBXFileReference; lastKnownFileType = text.xcconfig; path = "iOS-Application.xcconfig"; sourceTree = "<group>"; };
		D0D1213019E878CC005E4BAA /* iOS-Base.xcconfig */ = {isa = PBXFileReference; lastKnownFileType = text.xcconfig; path = "iOS-Base.xcconfig"; sourceTree = "<group>"; };
		D0D1213119E878CC005E4BAA /* iOS-Framework.xcconfig */ = {isa = PBXFileReference; lastKnownFileType = text.xcconfig; path = "iOS-Framework.xcconfig"; sourceTree = "<group>"; };
		D0D1213219E878CC005E4BAA /* iOS-StaticLibrary.xcconfig */ = {isa = PBXFileReference; lastKnownFileType = text.xcconfig; path = "iOS-StaticLibrary.xcconfig"; sourceTree = "<group>"; };
		D0D1213419E878CC005E4BAA /* Mac-Application.xcconfig */ = {isa = PBXFileReference; lastKnownFileType = text.xcconfig; path = "Mac-Application.xcconfig"; sourceTree = "<group>"; };
		D0D1213519E878CC005E4BAA /* Mac-Base.xcconfig */ = {isa = PBXFileReference; lastKnownFileType = text.xcconfig; path = "Mac-Base.xcconfig"; sourceTree = "<group>"; };
		D0D1213619E878CC005E4BAA /* Mac-DynamicLibrary.xcconfig */ = {isa = PBXFileReference; lastKnownFileType = text.xcconfig; path = "Mac-DynamicLibrary.xcconfig"; sourceTree = "<group>"; };
		D0D1213719E878CC005E4BAA /* Mac-Framework.xcconfig */ = {isa = PBXFileReference; lastKnownFileType = text.xcconfig; path = "Mac-Framework.xcconfig"; sourceTree = "<group>"; };
		D0D1213819E878CC005E4BAA /* Mac-StaticLibrary.xcconfig */ = {isa = PBXFileReference; lastKnownFileType = text.xcconfig; path = "Mac-StaticLibrary.xcconfig"; sourceTree = "<group>"; };
		D0D1213919E878CC005E4BAA /* README.md */ = {isa = PBXFileReference; lastKnownFileType = net.daringfireball.markdown; path = README.md; sourceTree = "<group>"; };
		D0D1216D19E87B05005E4BAA /* SwiftLintFramework.framework */ = {isa = PBXFileReference; explicitFileType = wrapper.framework; includeInIndex = 0; path = SwiftLintFramework.framework; sourceTree = BUILT_PRODUCTS_DIR; };
		D0D1217019E87B05005E4BAA /* Info.plist */ = {isa = PBXFileReference; lastKnownFileType = text.plist.xml; path = Info.plist; sourceTree = "<group>"; };
		D0D1217719E87B05005E4BAA /* SwiftLintFrameworkTests.xctest */ = {isa = PBXFileReference; explicitFileType = wrapper.cfbundle; includeInIndex = 0; path = SwiftLintFrameworkTests.xctest; sourceTree = BUILT_PRODUCTS_DIR; };
		D0D1217D19E87B05005E4BAA /* Info.plist */ = {isa = PBXFileReference; lastKnownFileType = text.plist.xml; path = Info.plist; sourceTree = "<group>"; };
		D0E7B63219E9C64500EDBA4D /* swiftlint.app */ = {isa = PBXFileReference; explicitFileType = wrapper.application; includeInIndex = 0; path = swiftlint.app; sourceTree = BUILT_PRODUCTS_DIR; };
		D4348EE91C46122C007707FB /* FunctionBodyLengthRuleTests.swift */ = {isa = PBXFileReference; fileEncoding = 4; lastKnownFileType = sourcecode.swift; path = FunctionBodyLengthRuleTests.swift; sourceTree = "<group>"; };
		D44AD2741C0AA3730048F7B0 /* LegacyConstructorRule.swift */ = {isa = PBXFileReference; fileEncoding = 4; lastKnownFileType = sourcecode.swift; path = LegacyConstructorRule.swift; sourceTree = "<group>"; };
		E57B23C01B1D8BF000DEA512 /* ReturnArrowWhitespaceRule.swift */ = {isa = PBXFileReference; fileEncoding = 4; lastKnownFileType = sourcecode.swift; path = ReturnArrowWhitespaceRule.swift; sourceTree = "<group>"; };
		E5A167C81B25A0B000CF2D03 /* OperatorFunctionWhitespaceRule.swift */ = {isa = PBXFileReference; fileEncoding = 4; lastKnownFileType = sourcecode.swift; path = OperatorFunctionWhitespaceRule.swift; sourceTree = "<group>"; };
		E802ECFF1C56A56000A35AE1 /* Benchmark.swift */ = {isa = PBXFileReference; fileEncoding = 4; lastKnownFileType = sourcecode.swift; path = Benchmark.swift; sourceTree = "<group>"; };
		E809EDA01B8A71DF00399043 /* Configuration.swift */ = {isa = PBXFileReference; fileEncoding = 4; lastKnownFileType = sourcecode.swift; path = Configuration.swift; sourceTree = "<group>"; };
		E809EDA21B8A73FB00399043 /* ConfigurationTests.swift */ = {isa = PBXFileReference; fileEncoding = 4; lastKnownFileType = sourcecode.swift; path = ConfigurationTests.swift; sourceTree = "<group>"; };
		E80E018C1B92C0F60078EB70 /* Command.swift */ = {isa = PBXFileReference; fileEncoding = 4; lastKnownFileType = sourcecode.swift; path = Command.swift; sourceTree = "<group>"; };
		E80E018E1B92C1350078EB70 /* Region.swift */ = {isa = PBXFileReference; fileEncoding = 4; lastKnownFileType = sourcecode.swift; path = Region.swift; sourceTree = "<group>"; };
		E81224991B04F85B001783D2 /* TestHelpers.swift */ = {isa = PBXFileReference; fileEncoding = 4; lastKnownFileType = sourcecode.swift; path = TestHelpers.swift; sourceTree = "<group>"; };
		E812249B1B04FADC001783D2 /* Linter.swift */ = {isa = PBXFileReference; fileEncoding = 4; lastKnownFileType = sourcecode.swift; path = Linter.swift; sourceTree = "<group>"; };
		E816194B1BFBF35D00946723 /* SwiftDeclarationKind+SwiftLint.swift */ = {isa = PBXFileReference; fileEncoding = 4; lastKnownFileType = sourcecode.swift; path = "SwiftDeclarationKind+SwiftLint.swift"; sourceTree = "<group>"; };
		E816194D1BFBFEAB00946723 /* ForceTryRule.swift */ = {isa = PBXFileReference; fileEncoding = 4; lastKnownFileType = sourcecode.swift; path = ForceTryRule.swift; sourceTree = "<group>"; };
		E81619521BFC162C00946723 /* QueuedPrint.swift */ = {isa = PBXFileReference; fileEncoding = 4; lastKnownFileType = sourcecode.swift; path = QueuedPrint.swift; sourceTree = "<group>"; };
		E81CDE701C00FEAA00B430F6 /* ValidDocsRule.swift */ = {isa = PBXFileReference; fileEncoding = 4; lastKnownFileType = sourcecode.swift; path = ValidDocsRule.swift; sourceTree = "<group>"; };
		E81FB3E31C6D507B00DC988F /* CommonOptions.swift */ = {isa = PBXFileReference; fileEncoding = 4; lastKnownFileType = sourcecode.swift; path = CommonOptions.swift; sourceTree = "<group>"; };
		E832F10A1B17E2F5003F265F /* NSFileManager+SwiftLint.swift */ = {isa = PBXFileReference; fileEncoding = 4; lastKnownFileType = sourcecode.swift; path = "NSFileManager+SwiftLint.swift"; sourceTree = "<group>"; };
		E832F10C1B17E725003F265F /* IntegrationTests.swift */ = {isa = PBXFileReference; fileEncoding = 4; lastKnownFileType = sourcecode.swift; path = IntegrationTests.swift; sourceTree = "<group>"; };
		E83A0B341A5D382B0041A60A /* VersionCommand.swift */ = {isa = PBXFileReference; fileEncoding = 4; lastKnownFileType = sourcecode.swift; path = VersionCommand.swift; sourceTree = "<group>"; };
		E847F0A81BFBBABD00EA9363 /* EmptyCountRule.swift */ = {isa = PBXFileReference; fileEncoding = 4; lastKnownFileType = sourcecode.swift; path = EmptyCountRule.swift; sourceTree = "<group>"; };
		E849FF271BF9481A009AE999 /* MissingDocsRule.swift */ = {isa = PBXFileReference; fileEncoding = 4; lastKnownFileType = sourcecode.swift; path = MissingDocsRule.swift; sourceTree = "<group>"; };
		E84E07461C13F95300F11122 /* AutoCorrectCommand.swift */ = {isa = PBXFileReference; fileEncoding = 4; lastKnownFileType = sourcecode.swift; path = AutoCorrectCommand.swift; sourceTree = "<group>"; };
		E861519A1B0573B900C54AC0 /* LintCommand.swift */ = {isa = PBXFileReference; fileEncoding = 4; lastKnownFileType = sourcecode.swift; path = LintCommand.swift; sourceTree = "<group>"; };
		E86396C11BADAAE5002C9E88 /* Reporter.swift */ = {isa = PBXFileReference; fileEncoding = 4; lastKnownFileType = sourcecode.swift; path = Reporter.swift; sourceTree = "<group>"; };
		E86396C41BADAC15002C9E88 /* XcodeReporter.swift */ = {isa = PBXFileReference; fileEncoding = 4; lastKnownFileType = sourcecode.swift; path = XcodeReporter.swift; sourceTree = "<group>"; };
		E86396C61BADAFE6002C9E88 /* ReporterTests.swift */ = {isa = PBXFileReference; fileEncoding = 4; lastKnownFileType = sourcecode.swift; path = ReporterTests.swift; sourceTree = "<group>"; };
		E86396C81BADB2B9002C9E88 /* JSONReporter.swift */ = {isa = PBXFileReference; fileEncoding = 4; lastKnownFileType = sourcecode.swift; path = JSONReporter.swift; sourceTree = "<group>"; };
		E86396CA1BADB519002C9E88 /* CSVReporter.swift */ = {isa = PBXFileReference; fileEncoding = 4; lastKnownFileType = sourcecode.swift; path = CSVReporter.swift; sourceTree = "<group>"; };
		E868473B1A587C6E0043DC65 /* sourcekitd.framework */ = {isa = PBXFileReference; lastKnownFileType = wrapper.framework; name = sourcekitd.framework; path = Toolchains/XcodeDefault.xctoolchain/usr/lib/sourcekitd.framework; sourceTree = DEVELOPER_DIR; };
		E876BFBD1B07828500114ED5 /* SourceKittenFramework.framework */ = {isa = PBXFileReference; lastKnownFileType = wrapper.framework; path = SourceKittenFramework.framework; sourceTree = BUILT_PRODUCTS_DIR; };
		E87E4A041BFB927C00FCFE46 /* TrailingSemicolonRule.swift */ = {isa = PBXFileReference; fileEncoding = 4; lastKnownFileType = sourcecode.swift; path = TrailingSemicolonRule.swift; sourceTree = "<group>"; };
		E87E4A081BFB9CAE00FCFE46 /* SyntaxKind+SwiftLint.swift */ = {isa = PBXFileReference; fileEncoding = 4; lastKnownFileType = sourcecode.swift; path = "SyntaxKind+SwiftLint.swift"; sourceTree = "<group>"; };
		E88DEA6A1B0983FE00A66CB0 /* StyleViolation.swift */ = {isa = PBXFileReference; fileEncoding = 4; lastKnownFileType = sourcecode.swift; path = StyleViolation.swift; sourceTree = "<group>"; };
		E88DEA6E1B09843F00A66CB0 /* Location.swift */ = {isa = PBXFileReference; fileEncoding = 4; lastKnownFileType = sourcecode.swift; path = Location.swift; sourceTree = "<group>"; };
		E88DEA701B09847500A66CB0 /* ViolationSeverity.swift */ = {isa = PBXFileReference; fileEncoding = 4; lastKnownFileType = sourcecode.swift; path = ViolationSeverity.swift; sourceTree = "<group>"; };
		E88DEA721B0984C400A66CB0 /* String+SwiftLint.swift */ = {isa = PBXFileReference; fileEncoding = 4; lastKnownFileType = sourcecode.swift; path = "String+SwiftLint.swift"; sourceTree = "<group>"; };
		E88DEA741B09852000A66CB0 /* File+SwiftLint.swift */ = {isa = PBXFileReference; fileEncoding = 4; lastKnownFileType = sourcecode.swift; path = "File+SwiftLint.swift"; sourceTree = "<group>"; };
		E88DEA761B098D0C00A66CB0 /* Rule.swift */ = {isa = PBXFileReference; fileEncoding = 4; lastKnownFileType = sourcecode.swift; path = Rule.swift; sourceTree = "<group>"; };
		E88DEA781B098D4400A66CB0 /* RuleParameter.swift */ = {isa = PBXFileReference; fileEncoding = 4; lastKnownFileType = sourcecode.swift; path = RuleParameter.swift; sourceTree = "<group>"; };
		E88DEA7B1B098D7D00A66CB0 /* LineLengthRule.swift */ = {isa = PBXFileReference; fileEncoding = 4; lastKnownFileType = sourcecode.swift; path = LineLengthRule.swift; sourceTree = "<group>"; };
		E88DEA7D1B098F2A00A66CB0 /* LeadingWhitespaceRule.swift */ = {isa = PBXFileReference; fileEncoding = 4; lastKnownFileType = sourcecode.swift; path = LeadingWhitespaceRule.swift; sourceTree = "<group>"; };
		E88DEA7F1B09903300A66CB0 /* ForceCastRule.swift */ = {isa = PBXFileReference; fileEncoding = 4; lastKnownFileType = sourcecode.swift; path = ForceCastRule.swift; sourceTree = "<group>"; };
		E88DEA811B0990A700A66CB0 /* TodoRule.swift */ = {isa = PBXFileReference; fileEncoding = 4; lastKnownFileType = sourcecode.swift; path = TodoRule.swift; sourceTree = "<group>"; };
		E88DEA831B0990F500A66CB0 /* ColonRule.swift */ = {isa = PBXFileReference; fileEncoding = 4; lastKnownFileType = sourcecode.swift; path = ColonRule.swift; sourceTree = "<group>"; };
		E88DEA851B0991BF00A66CB0 /* TrailingWhitespaceRule.swift */ = {isa = PBXFileReference; fileEncoding = 4; lastKnownFileType = sourcecode.swift; path = TrailingWhitespaceRule.swift; sourceTree = "<group>"; };
		E88DEA871B09924C00A66CB0 /* TrailingNewlineRule.swift */ = {isa = PBXFileReference; fileEncoding = 4; lastKnownFileType = sourcecode.swift; path = TrailingNewlineRule.swift; sourceTree = "<group>"; };
		E88DEA891B0992B300A66CB0 /* FileLengthRule.swift */ = {isa = PBXFileReference; fileEncoding = 4; lastKnownFileType = sourcecode.swift; path = FileLengthRule.swift; sourceTree = "<group>"; };
		E88DEA8B1B0999A000A66CB0 /* ASTRule.swift */ = {isa = PBXFileReference; fileEncoding = 4; lastKnownFileType = sourcecode.swift; path = ASTRule.swift; sourceTree = "<group>"; };
		E88DEA8D1B0999CD00A66CB0 /* TypeBodyLengthRule.swift */ = {isa = PBXFileReference; fileEncoding = 4; lastKnownFileType = sourcecode.swift; path = TypeBodyLengthRule.swift; sourceTree = "<group>"; };
		E88DEA8F1B099A3100A66CB0 /* FunctionBodyLengthRule.swift */ = {isa = PBXFileReference; fileEncoding = 4; lastKnownFileType = sourcecode.swift; path = FunctionBodyLengthRule.swift; sourceTree = "<group>"; };
		E88DEA911B099B1F00A66CB0 /* TypeNameRule.swift */ = {isa = PBXFileReference; fileEncoding = 4; lastKnownFileType = sourcecode.swift; path = TypeNameRule.swift; sourceTree = "<group>"; };
		E88DEA931B099C0900A66CB0 /* VariableNameRule.swift */ = {isa = PBXFileReference; fileEncoding = 4; lastKnownFileType = sourcecode.swift; path = VariableNameRule.swift; sourceTree = "<group>"; };
		E88DEA951B099CF200A66CB0 /* NestingRule.swift */ = {isa = PBXFileReference; fileEncoding = 4; lastKnownFileType = sourcecode.swift; path = NestingRule.swift; sourceTree = "<group>"; };
		E89376AC1B8A701E0025708E /* Yaml.framework */ = {isa = PBXFileReference; lastKnownFileType = wrapper.framework; path = Yaml.framework; sourceTree = BUILT_PRODUCTS_DIR; };
		E8AB1A2D1A649F2100452012 /* libclang.dylib */ = {isa = PBXFileReference; lastKnownFileType = "compiled.mach-o.dylib"; name = libclang.dylib; path = Toolchains/XcodeDefault.xctoolchain/usr/lib/libclang.dylib; sourceTree = DEVELOPER_DIR; };
		E8B067801C13E49600E9E13F /* Configuration+CommandLine.swift */ = {isa = PBXFileReference; fileEncoding = 4; lastKnownFileType = sourcecode.swift; path = "Configuration+CommandLine.swift"; sourceTree = "<group>"; };
		E8B67C3D1C095E6300FDED8E /* Correction.swift */ = {isa = PBXFileReference; fileEncoding = 4; lastKnownFileType = sourcecode.swift; path = Correction.swift; sourceTree = "<group>"; };
		E8BA7E101B07A3EC003E02D0 /* Commandant.framework */ = {isa = PBXFileReference; lastKnownFileType = wrapper.framework; path = Commandant.framework; sourceTree = BUILT_PRODUCTS_DIR; };
		E8BA7E121B07A3F3003E02D0 /* Result.framework */ = {isa = PBXFileReference; lastKnownFileType = wrapper.framework; path = Result.framework; sourceTree = BUILT_PRODUCTS_DIR; };
		E8BB8F9B1B17DE3B00199606 /* RulesTests.swift */ = {isa = PBXFileReference; fileEncoding = 4; lastKnownFileType = sourcecode.swift; path = RulesTests.swift; sourceTree = "<group>"; };
		E8C0DFCC1AD349DB007EE3D4 /* SWXMLHash.framework */ = {isa = PBXFileReference; lastKnownFileType = wrapper.framework; path = SWXMLHash.framework; sourceTree = BUILT_PRODUCTS_DIR; };
		E8EA41161C2D1DBE004F9930 /* CheckstyleReporter.swift */ = {isa = PBXFileReference; fileEncoding = 4; lastKnownFileType = sourcecode.swift; path = CheckstyleReporter.swift; sourceTree = "<group>"; };
/* End PBXFileReference section */

/* Begin PBXFrameworksBuildPhase section */
		D0D1216919E87B05005E4BAA /* Frameworks */ = {
			isa = PBXFrameworksBuildPhase;
			buildActionMask = 2147483647;
			files = (
				E89376AD1B8A701E0025708E /* Yaml.framework in Frameworks */,
				E8BA7E131B07A3F3003E02D0 /* Result.framework in Frameworks */,
				E8BA7E111B07A3EC003E02D0 /* Commandant.framework in Frameworks */,
				E876BFBE1B07828500114ED5 /* SourceKittenFramework.framework in Frameworks */,
				E8C0DFCD1AD349DB007EE3D4 /* SWXMLHash.framework in Frameworks */,
				3BBF2F9D1C640A0F006CD775 /* SwiftyTextTable.framework in Frameworks */,
			);
			runOnlyForDeploymentPostprocessing = 0;
		};
		D0D1217419E87B05005E4BAA /* Frameworks */ = {
			isa = PBXFrameworksBuildPhase;
			buildActionMask = 2147483647;
			files = (
				D0D1217819E87B05005E4BAA /* SwiftLintFramework.framework in Frameworks */,
			);
			runOnlyForDeploymentPostprocessing = 0;
		};
		D0E7B62F19E9C64500EDBA4D /* Frameworks */ = {
			isa = PBXFrameworksBuildPhase;
			buildActionMask = 2147483647;
			files = (
				D0E7B65319E9C6AD00EDBA4D /* SwiftLintFramework.framework in Frameworks */,
			);
			runOnlyForDeploymentPostprocessing = 0;
		};
/* End PBXFrameworksBuildPhase section */

/* Begin PBXGroup section */
		3B12C9BE1C3209AC000B423F /* Resources */ = {
			isa = PBXGroup;
			children = (
				3B12C9BF1C3209AC000B423F /* test.yml */,
				3BDB224A1C345B4900473680 /* ProjectMock */,
			);
			path = Resources;
			sourceTree = "<group>";
		};
		3BCC04CE1C4F56D3006073C3 /* RuleConfigurations */ = {
			isa = PBXGroup;
			children = (
				3BCC04D01C4F56D3006073C3 /* NameConfiguration.swift */,
				3BB47D821C514E8100AE6A10 /* RegexConfiguration.swift */,
				3B0B14531C505D6300BE82F7 /* SeverityConfiguration.swift */,
				3BCC04CF1C4F56D3006073C3 /* SeverityLevelsConfiguration.swift */,
			);
			path = RuleConfigurations;
			sourceTree = "<group>";
		};
		5499CA981A2394BD00783309 /* Supporting Files */ = {
			isa = PBXGroup;
			children = (
				5499CA961A2394B700783309 /* Components.plist */,
				5499CA971A2394B700783309 /* Info.plist */,
			);
			path = "Supporting Files";
			sourceTree = "<group>";
		};
		D0D1210F19E87861005E4BAA = {
			isa = PBXGroup;
			children = (
				D0D1211919E87861005E4BAA /* Products */,
				D0D1211A19E87861005E4BAA /* swiftlint */,
				D0D1216E19E87B05005E4BAA /* SwiftLintFramework */,
				D0D1217B19E87B05005E4BAA /* SwiftLintFrameworkTests */,
			);
			sourceTree = "<group>";
			usesTabs = 0;
		};
		D0D1211919E87861005E4BAA /* Products */ = {
			isa = PBXGroup;
			children = (
				D0D1216D19E87B05005E4BAA /* SwiftLintFramework.framework */,
				D0D1217719E87B05005E4BAA /* SwiftLintFrameworkTests.xctest */,
				D0E7B63219E9C64500EDBA4D /* swiftlint.app */,
			);
			name = Products;
			sourceTree = "<group>";
		};
		D0D1211A19E87861005E4BAA /* swiftlint */ = {
			isa = PBXGroup;
			children = (
				E802ECFE1C56A54600A35AE1 /* Helpers */,
				E8B0677F1C13E48100E9E13F /* Extensions */,
				E85FF9921C13E35400714267 /* Commands */,
				D0D1211B19E87861005E4BAA /* main.swift */,
				5499CA981A2394BD00783309 /* Supporting Files */,
			);
			name = swiftlint;
			path = Source/swiftlint;
			sourceTree = "<group>";
		};
		D0D1212219E878CC005E4BAA /* Configuration */ = {
			isa = PBXGroup;
			children = (
				D0D1212319E878CC005E4BAA /* Base */,
				D0D1212E19E878CC005E4BAA /* iOS */,
				D0D1213319E878CC005E4BAA /* Mac OS X */,
				D0D1213919E878CC005E4BAA /* README.md */,
			);
			name = Configuration;
			path = Carthage/Checkouts/xcconfigs;
			sourceTree = SOURCE_ROOT;
		};
		D0D1212319E878CC005E4BAA /* Base */ = {
			isa = PBXGroup;
			children = (
				D0D1212419E878CC005E4BAA /* Common.xcconfig */,
				D0D1212519E878CC005E4BAA /* Configurations */,
				D0D1212A19E878CC005E4BAA /* Targets */,
			);
			path = Base;
			sourceTree = "<group>";
		};
		D0D1212519E878CC005E4BAA /* Configurations */ = {
			isa = PBXGroup;
			children = (
				D0D1212619E878CC005E4BAA /* Debug.xcconfig */,
				D0D1212719E878CC005E4BAA /* Profile.xcconfig */,
				D0D1212819E878CC005E4BAA /* Release.xcconfig */,
				D0D1212919E878CC005E4BAA /* Test.xcconfig */,
			);
			path = Configurations;
			sourceTree = "<group>";
		};
		D0D1212A19E878CC005E4BAA /* Targets */ = {
			isa = PBXGroup;
			children = (
				D0D1212B19E878CC005E4BAA /* Application.xcconfig */,
				D0D1212C19E878CC005E4BAA /* Framework.xcconfig */,
				D0D1212D19E878CC005E4BAA /* StaticLibrary.xcconfig */,
			);
			path = Targets;
			sourceTree = "<group>";
		};
		D0D1212E19E878CC005E4BAA /* iOS */ = {
			isa = PBXGroup;
			children = (
				D0D1212F19E878CC005E4BAA /* iOS-Application.xcconfig */,
				D0D1213019E878CC005E4BAA /* iOS-Base.xcconfig */,
				D0D1213119E878CC005E4BAA /* iOS-Framework.xcconfig */,
				D0D1213219E878CC005E4BAA /* iOS-StaticLibrary.xcconfig */,
			);
			path = iOS;
			sourceTree = "<group>";
		};
		D0D1213319E878CC005E4BAA /* Mac OS X */ = {
			isa = PBXGroup;
			children = (
				D0D1213419E878CC005E4BAA /* Mac-Application.xcconfig */,
				D0D1213519E878CC005E4BAA /* Mac-Base.xcconfig */,
				D0D1213619E878CC005E4BAA /* Mac-DynamicLibrary.xcconfig */,
				D0D1213719E878CC005E4BAA /* Mac-Framework.xcconfig */,
				D0D1213819E878CC005E4BAA /* Mac-StaticLibrary.xcconfig */,
			);
			path = "Mac OS X";
			sourceTree = "<group>";
		};
		D0D1216E19E87B05005E4BAA /* SwiftLintFramework */ = {
			isa = PBXGroup;
			children = (
				E8A541811BF94604006BA322 /* Extensions */,
				E8A541801BF945FF006BA322 /* Models */,
				E8A5417F1BF945F9006BA322 /* Protocols */,
				E86396C31BADAC0D002C9E88 /* Reporters */,
				E88DEA7A1B098D7300A66CB0 /* Rules */,
				D0D1216F19E87B05005E4BAA /* Supporting Files */,
			);
			name = SwiftLintFramework;
			path = Source/SwiftLintFramework;
			sourceTree = "<group>";
		};
		D0D1216F19E87B05005E4BAA /* Supporting Files */ = {
			isa = PBXGroup;
			children = (
				3BBF2F9C1C640A0F006CD775 /* SwiftyTextTable.framework */,
				E8BA7E101B07A3EC003E02D0 /* Commandant.framework */,
				D0D1217019E87B05005E4BAA /* Info.plist */,
				E8BA7E121B07A3F3003E02D0 /* Result.framework */,
				E8C0DFCC1AD349DB007EE3D4 /* SWXMLHash.framework */,
				E876BFBD1B07828500114ED5 /* SourceKittenFramework.framework */,
				E89376AC1B8A701E0025708E /* Yaml.framework */,
				E8AB1A2D1A649F2100452012 /* libclang.dylib */,
				E868473B1A587C6E0043DC65 /* sourcekitd.framework */,
			);
			path = "Supporting Files";
			sourceTree = "<group>";
		};
		D0D1217B19E87B05005E4BAA /* SwiftLintFrameworkTests */ = {
			isa = PBXGroup;
			children = (
				D0D1212219E878CC005E4BAA /* Configuration */,
				D0D1217C19E87B05005E4BAA /* Supporting Files */,
				3B12C9BE1C3209AC000B423F /* Resources */,
				E809EDA21B8A73FB00399043 /* ConfigurationTests.swift */,
				D4348EE91C46122C007707FB /* FunctionBodyLengthRuleTests.swift */,
				E832F10C1B17E725003F265F /* IntegrationTests.swift */,
				E86396C61BADAFE6002C9E88 /* ReporterTests.swift */,
				E8BB8F9B1B17DE3B00199606 /* RulesTests.swift */,
				E81224991B04F85B001783D2 /* TestHelpers.swift */,
				02FD8AEE1BFC18D60014BFFB /* ExtendedNSStringTests.swift */,
				3B12C9C21C320A53000B423F /* Yaml+SwiftLintTests.swift */,
				3B12C9C61C3361CB000B423F /* RuleTests.swift */,
				3B30C4A01C3785B300E04027 /* YamlParserTests.swift */,
				3BCC04D31C502BAB006073C3 /* RuleConfigurationTests.swift */,
				3BB47D861C51DE6E00AE6A10 /* CustomRulesTests.swift */,
			);
			name = SwiftLintFrameworkTests;
			path = Tests/SwiftLintFramework;
			sourceTree = "<group>";
		};
		D0D1217C19E87B05005E4BAA /* Supporting Files */ = {
			isa = PBXGroup;
			children = (
				D0D1217D19E87B05005E4BAA /* Info.plist */,
			);
			path = "Supporting Files";
			sourceTree = "<group>";
		};
		E802ECFE1C56A54600A35AE1 /* Helpers */ = {
			isa = PBXGroup;
			children = (
				E802ECFF1C56A56000A35AE1 /* Benchmark.swift */,
				E81FB3E31C6D507B00DC988F /* CommonOptions.swift */,
			);
			path = Helpers;
			sourceTree = "<group>";
		};
		E85FF9921C13E35400714267 /* Commands */ = {
			isa = PBXGroup;
			children = (
				E84E07461C13F95300F11122 /* AutoCorrectCommand.swift */,
				E861519A1B0573B900C54AC0 /* LintCommand.swift */,
				83894F211B0C928A006214E1 /* RulesCommand.swift */,
				E83A0B341A5D382B0041A60A /* VersionCommand.swift */,
			);
			path = Commands;
			sourceTree = "<group>";
		};
		E86396C31BADAC0D002C9E88 /* Reporters */ = {
			isa = PBXGroup;
			children = (
				E8EA41161C2D1DBE004F9930 /* CheckstyleReporter.swift */,
				E86396CA1BADB519002C9E88 /* CSVReporter.swift */,
				E86396C81BADB2B9002C9E88 /* JSONReporter.swift */,
				E86396C41BADAC15002C9E88 /* XcodeReporter.swift */,
			);
			path = Reporters;
			sourceTree = "<group>";
		};
		E88DEA7A1B098D7300A66CB0 /* Rules */ = {
			isa = PBXGroup;
			children = (
				3BCC04CE1C4F56D3006073C3 /* RuleConfigurations */,
				1F11B3CE1C252F23002E8FA8 /* ClosingBraceRule.swift */,
				E88DEA831B0990F500A66CB0 /* ColonRule.swift */,
				695BE9CE1BDFD92B0071E985 /* CommaRule.swift */,
				00970C741C3FC3A0007C4A83 /* ConditionalBindingCascadeRule.swift */,
				65454F451B14D73800319A6C /* ControlStatementRule.swift */,
				3B1DF0111C5148140011BCED /* CustomRules.swift */,
				E847F0A81BFBBABD00EA9363 /* EmptyCountRule.swift */,
				E88DEA891B0992B300A66CB0 /* FileLengthRule.swift */,
				E88DEA7F1B09903300A66CB0 /* ForceCastRule.swift */,
				E816194D1BFBFEAB00946723 /* ForceTryRule.swift */,
				B58AEED51C492C7B00E901FD /* ForceUnwrappingRule.swift */,
				E88DEA8F1B099A3100A66CB0 /* FunctionBodyLengthRule.swift */,
				E88DEA7D1B098F2A00A66CB0 /* LeadingWhitespaceRule.swift */,
				006ECFC31C44E99E00EF6364 /* LegacyConstantRule.swift */,
				D44AD2741C0AA3730048F7B0 /* LegacyConstructorRule.swift */,
				E88DEA7B1B098D7D00A66CB0 /* LineLengthRule.swift */,
				E849FF271BF9481A009AE999 /* MissingDocsRule.swift */,
				E88DEA951B099CF200A66CB0 /* NestingRule.swift */,
				692B1EB11BD7E00F00EAABFF /* OpeningBraceRule.swift */,
				E5A167C81B25A0B000CF2D03 /* OperatorFunctionWhitespaceRule.swift */,
				E57B23C01B1D8BF000DEA512 /* ReturnArrowWhitespaceRule.swift */,
				692B60AB1BD8F2E700C7AA22 /* StatementPositionRule.swift */,
				E88DEA811B0990A700A66CB0 /* TodoRule.swift */,
				E88DEA871B09924C00A66CB0 /* TrailingNewlineRule.swift */,
				E87E4A041BFB927C00FCFE46 /* TrailingSemicolonRule.swift */,
				E88DEA851B0991BF00A66CB0 /* TrailingWhitespaceRule.swift */,
				E88DEA8D1B0999CD00A66CB0 /* TypeBodyLengthRule.swift */,
				E88DEA911B099B1F00A66CB0 /* TypeNameRule.swift */,
				E81CDE701C00FEAA00B430F6 /* ValidDocsRule.swift */,
				E88DEA931B099C0900A66CB0 /* VariableNameRule.swift */,
				2E02005E1C54BF680024D09D /* CyclomaticComplexityRule.swift */,
				2E5761A91C573B83003271AF /* FunctionParameterCountRule.swift */,
			);
			path = Rules;
			sourceTree = "<group>";
		};
		E8A5417F1BF945F9006BA322 /* Protocols */ = {
			isa = PBXGroup;
			children = (
				E88DEA8B1B0999A000A66CB0 /* ASTRule.swift */,
				E86396C11BADAAE5002C9E88 /* Reporter.swift */,
				E88DEA761B098D0C00A66CB0 /* Rule.swift */,
				3B828E521C546468000D180E /* RuleConfiguration.swift */,
			);
			path = Protocols;
			sourceTree = "<group>";
		};
		E8A541801BF945FF006BA322 /* Models */ = {
			isa = PBXGroup;
			children = (
				E80E018C1B92C0F60078EB70 /* Command.swift */,
				E8B67C3D1C095E6300FDED8E /* Correction.swift */,
				E809EDA01B8A71DF00399043 /* Configuration.swift */,
				E812249B1B04FADC001783D2 /* Linter.swift */,
				E88DEA6E1B09843F00A66CB0 /* Location.swift */,
				E80E018E1B92C1350078EB70 /* Region.swift */,
				83D71E261B131EB5000395DE /* RuleDescription.swift */,
				E88DEA781B098D4400A66CB0 /* RuleParameter.swift */,
				E88DEA6A1B0983FE00A66CB0 /* StyleViolation.swift */,
				E88DEA701B09847500A66CB0 /* ViolationSeverity.swift */,
				3B12C9C41C322032000B423F /* MasterRuleList.swift */,
				3BD9CD3C1C37175B009A5D25 /* YamlParser.swift */,
				3BCC04CC1C4F5694006073C3 /* ConfigurationError.swift */,
			);
			path = Models;
			sourceTree = "<group>";
		};
		E8A541811BF94604006BA322 /* Extensions */ = {
			isa = PBXGroup;
			children = (
				24E17F701B1481FF008195BE /* File+Cache.swift */,
				E88DEA741B09852000A66CB0 /* File+SwiftLint.swift */,
				E832F10A1B17E2F5003F265F /* NSFileManager+SwiftLint.swift */,
				E81619521BFC162C00946723 /* QueuedPrint.swift */,
				E88DEA721B0984C400A66CB0 /* String+SwiftLint.swift */,
				6CB514E81C760C6900FA02C4 /* Structure+SwiftLint.swift */,
				E816194B1BFBF35D00946723 /* SwiftDeclarationKind+SwiftLint.swift */,
				E87E4A081BFB9CAE00FCFE46 /* SyntaxKind+SwiftLint.swift */,
				6CC4259A1C77046200AEA885 /* SyntaxMap+SwiftLint.swift */,
				3B1150C91C31FC3F00D83B1E /* Yaml+SwiftLint.swift */,
				3B5B9FE01C444DA20009AD27 /* Array+SwiftLint.swift */,
				3BB47D841C51D80000AE6A10 /* NSRegularExpression+SwiftLint.swift */,
				3BA79C9A1C4767910057E705 /* NSRange+SwiftLint.swift */,
			);
			path = Extensions;
			sourceTree = "<group>";
		};
		E8B0677F1C13E48100E9E13F /* Extensions */ = {
			isa = PBXGroup;
			children = (
				E8B067801C13E49600E9E13F /* Configuration+CommandLine.swift */,
			);
			path = Extensions;
			sourceTree = "<group>";
		};
/* End PBXGroup section */

/* Begin PBXHeadersBuildPhase section */
		D0D1216A19E87B05005E4BAA /* Headers */ = {
			isa = PBXHeadersBuildPhase;
			buildActionMask = 2147483647;
			files = (
			);
			runOnlyForDeploymentPostprocessing = 0;
		};
/* End PBXHeadersBuildPhase section */

/* Begin PBXNativeTarget section */
		D0D1216C19E87B05005E4BAA /* SwiftLintFramework */ = {
			isa = PBXNativeTarget;
			buildConfigurationList = D0D1218419E87B05005E4BAA /* Build configuration list for PBXNativeTarget "SwiftLintFramework" */;
			buildPhases = (
				D0D1216819E87B05005E4BAA /* Sources */,
				D0D1216919E87B05005E4BAA /* Frameworks */,
				D0D1216A19E87B05005E4BAA /* Headers */,
				D039935519E9A9F500D13E71 /* Copy Frameworks */,
			);
			buildRules = (
			);
			dependencies = (
			);
			name = SwiftLintFramework;
			productName = SourceKittenFramework;
			productReference = D0D1216D19E87B05005E4BAA /* SwiftLintFramework.framework */;
			productType = "com.apple.product-type.framework";
		};
		D0D1217619E87B05005E4BAA /* SwiftLintFrameworkTests */ = {
			isa = PBXNativeTarget;
			buildConfigurationList = D0D1218519E87B05005E4BAA /* Build configuration list for PBXNativeTarget "SwiftLintFrameworkTests" */;
			buildPhases = (
				D0D1217319E87B05005E4BAA /* Sources */,
				D0D1217419E87B05005E4BAA /* Frameworks */,
				3B12C9C01C3209C4000B423F /* Resources */,
			);
			buildRules = (
			);
			dependencies = (
				D0D1217A19E87B05005E4BAA /* PBXTargetDependency */,
			);
			name = SwiftLintFrameworkTests;
			productName = SourceKittenFrameworkTests;
			productReference = D0D1217719E87B05005E4BAA /* SwiftLintFrameworkTests.xctest */;
			productType = "com.apple.product-type.bundle.unit-test";
		};
		D0E7B63119E9C64500EDBA4D /* swiftlint */ = {
			isa = PBXNativeTarget;
			buildConfigurationList = D0E7B64919E9C64600EDBA4D /* Build configuration list for PBXNativeTarget "swiftlint" */;
			buildPhases = (
				C2265FAB1A4B86AC00158358 /* Check Xcode Version */,
				D0E7B62E19E9C64500EDBA4D /* Sources */,
				D0E7B62F19E9C64500EDBA4D /* Frameworks */,
				D0E7B65719E9C7C700EDBA4D /* Extract CLI Tool */,
				D0AAAB5319FB0960007B24B3 /* Embed Frameworks */,
				E819854B1B09A3CB00CEB0D9 /* Run SwiftLint */,
			);
			buildRules = (
			);
			dependencies = (
				D0AAAB5219FB0960007B24B3 /* PBXTargetDependency */,
			);
			name = swiftlint;
			productName = swiftlint;
			productReference = D0E7B63219E9C64500EDBA4D /* swiftlint.app */;
			productType = "com.apple.product-type.application";
		};
/* End PBXNativeTarget section */

/* Begin PBXProject section */
		D0D1211019E87861005E4BAA /* Project object */ = {
			isa = PBXProject;
			attributes = {
				LastSwiftUpdateCheck = 0700;
				LastUpgradeCheck = 0700;
				ORGANIZATIONNAME = Realm;
				TargetAttributes = {
					D0D1216C19E87B05005E4BAA = {
						CreatedOnToolsVersion = 6.1;
					};
					D0D1217619E87B05005E4BAA = {
						CreatedOnToolsVersion = 6.1;
					};
					D0E7B63119E9C64500EDBA4D = {
						CreatedOnToolsVersion = 6.1;
					};
				};
			};
			buildConfigurationList = D0D1211319E87861005E4BAA /* Build configuration list for PBXProject "SwiftLint" */;
			compatibilityVersion = "Xcode 3.2";
			developmentRegion = English;
			hasScannedForEncodings = 0;
			knownRegions = (
				en,
				Base,
			);
			mainGroup = D0D1210F19E87861005E4BAA;
			productRefGroup = D0D1211919E87861005E4BAA /* Products */;
			projectDirPath = "";
			projectRoot = "";
			targets = (
				D0E7B63119E9C64500EDBA4D /* swiftlint */,
				D0D1216C19E87B05005E4BAA /* SwiftLintFramework */,
				D0D1217619E87B05005E4BAA /* SwiftLintFrameworkTests */,
			);
		};
/* End PBXProject section */

/* Begin PBXResourcesBuildPhase section */
		3B12C9C01C3209C4000B423F /* Resources */ = {
			isa = PBXResourcesBuildPhase;
			buildActionMask = 2147483647;
			files = (
				3B12C9C11C3209CB000B423F /* test.yml in Resources */,
				3BDB224B1C345B4900473680 /* ProjectMock in Resources */,
			);
			runOnlyForDeploymentPostprocessing = 0;
		};
/* End PBXResourcesBuildPhase section */

/* Begin PBXShellScriptBuildPhase section */
		C2265FAB1A4B86AC00158358 /* Check Xcode Version */ = {
			isa = PBXShellScriptBuildPhase;
			buildActionMask = 2147483647;
			files = (
			);
			inputPaths = (
			);
			name = "Check Xcode Version";
			outputPaths = (
			);
			runOnlyForDeploymentPostprocessing = 0;
			shellPath = /bin/bash;
			shellScript = ". script/check-xcode-version";
		};
		D0E7B65719E9C7C700EDBA4D /* Extract CLI Tool */ = {
			isa = PBXShellScriptBuildPhase;
			buildActionMask = 2147483647;
			files = (
			);
			inputPaths = (
				"$(BUILT_PRODUCTS_DIR)/$(EXECUTABLE_PATH)",
			);
			name = "Extract CLI Tool";
			outputPaths = (
				"$(BUILT_PRODUCTS_DIR)/$(EXECUTABLE_NAME)",
			);
			runOnlyForDeploymentPostprocessing = 0;
			shellPath = /bin/bash;
			shellScript = ". script/extract-tool";
		};
		E819854B1B09A3CB00CEB0D9 /* Run SwiftLint */ = {
			isa = PBXShellScriptBuildPhase;
			buildActionMask = 2147483647;
			files = (
			);
			inputPaths = (
			);
			name = "Run SwiftLint";
			outputPaths = (
			);
			runOnlyForDeploymentPostprocessing = 0;
			shellPath = /bin/sh;
			shellScript = "if which swiftlint >/dev/null; then\n  swiftlint\nelse\n  echo \"SwiftLint does not exist, download from https://github.com/realm/SwiftLint\"\nfi";
		};
/* End PBXShellScriptBuildPhase section */

/* Begin PBXSourcesBuildPhase section */
		D0D1216819E87B05005E4BAA /* Sources */ = {
			isa = PBXSourcesBuildPhase;
			buildActionMask = 2147483647;
			files = (
				6CC4259B1C77046200AEA885 /* SyntaxMap+SwiftLint.swift in Sources */,
				E881985C1BEA978500333A11 /* TrailingNewlineRule.swift in Sources */,
				E881985E1BEA982100333A11 /* TypeBodyLengthRule.swift in Sources */,
				69F88BF71BDA38A6005E7CAE /* OpeningBraceRule.swift in Sources */,
				E849FF281BF9481A009AE999 /* MissingDocsRule.swift in Sources */,
				E80E018D1B92C0F60078EB70 /* Command.swift in Sources */,
				E88198571BEA953300333A11 /* ForceCastRule.swift in Sources */,
				D44AD2761C0AA5350048F7B0 /* LegacyConstructorRule.swift in Sources */,
				3BCC04CD1C4F5694006073C3 /* ConfigurationError.swift in Sources */,
				83D71E281B131ECE000395DE /* RuleDescription.swift in Sources */,
				3B12C9C51C322032000B423F /* MasterRuleList.swift in Sources */,
				E812249C1B04FADC001783D2 /* Linter.swift in Sources */,
				1F11B3CF1C252F23002E8FA8 /* ClosingBraceRule.swift in Sources */,
				E81CDE711C00FEAA00B430F6 /* ValidDocsRule.swift in Sources */,
				2E02005F1C54BF680024D09D /* CyclomaticComplexityRule.swift in Sources */,
				E87E4A091BFB9CAE00FCFE46 /* SyntaxKind+SwiftLint.swift in Sources */,
				3B0B14541C505D6300BE82F7 /* SeverityConfiguration.swift in Sources */,
				E88198551BEA949A00333A11 /* ControlStatementRule.swift in Sources */,
				E57B23C11B1D8BF000DEA512 /* ReturnArrowWhitespaceRule.swift in Sources */,
				E816194E1BFBFEAB00946723 /* ForceTryRule.swift in Sources */,
				E88198541BEA945100333A11 /* CommaRule.swift in Sources */,
				E88198601BEA98F000333A11 /* VariableNameRule.swift in Sources */,
				00970C751C3FC3A0007C4A83 /* ConditionalBindingCascadeRule.swift in Sources */,
				E88DEA791B098D4400A66CB0 /* RuleParameter.swift in Sources */,
				E86396CB1BADB519002C9E88 /* CSVReporter.swift in Sources */,
				E88198561BEA94D800333A11 /* FileLengthRule.swift in Sources */,
				E8B67C3E1C095E6300FDED8E /* Correction.swift in Sources */,
				E88198531BEA944400333A11 /* LineLengthRule.swift in Sources */,
				E847F0A91BFBBABD00EA9363 /* EmptyCountRule.swift in Sources */,
				E88198441BEA93D200333A11 /* ColonRule.swift in Sources */,
				E809EDA11B8A71DF00399043 /* Configuration.swift in Sources */,
				E8EA41171C2D1DBE004F9930 /* CheckstyleReporter.swift in Sources */,
				006ECFC41C44E99E00EF6364 /* LegacyConstantRule.swift in Sources */,
				E88DEA731B0984C400A66CB0 /* String+SwiftLint.swift in Sources */,
				E88198591BEA95F100333A11 /* LeadingWhitespaceRule.swift in Sources */,
				24E17F721B14BB3F008195BE /* File+Cache.swift in Sources */,
				E80E018F1B92C1350078EB70 /* Region.swift in Sources */,
				E88198581BEA956C00333A11 /* FunctionBodyLengthRule.swift in Sources */,
				E88DEA751B09852000A66CB0 /* File+SwiftLint.swift in Sources */,
				3BCC04D11C4F56D3006073C3 /* SeverityLevelsConfiguration.swift in Sources */,
				6CB514E91C760C6900FA02C4 /* Structure+SwiftLint.swift in Sources */,
				E86396C51BADAC15002C9E88 /* XcodeReporter.swift in Sources */,
				3B1DF0121C5148140011BCED /* CustomRules.swift in Sources */,
				2E5761AA1C573B83003271AF /* FunctionParameterCountRule.swift in Sources */,
				E86396C91BADB2B9002C9E88 /* JSONReporter.swift in Sources */,
				E881985A1BEA96EA00333A11 /* OperatorFunctionWhitespaceRule.swift in Sources */,
				3BCC04D21C4F56D3006073C3 /* NameConfiguration.swift in Sources */,
				E88DEA6F1B09843F00A66CB0 /* Location.swift in Sources */,
				E88DEA771B098D0C00A66CB0 /* Rule.swift in Sources */,
				E81619531BFC162C00946723 /* QueuedPrint.swift in Sources */,
				E87E4A051BFB927C00FCFE46 /* TrailingSemicolonRule.swift in Sources */,
				E88198421BEA929F00333A11 /* NestingRule.swift in Sources */,
				3BB47D851C51D80000AE6A10 /* NSRegularExpression+SwiftLint.swift in Sources */,
				E881985B1BEA974E00333A11 /* StatementPositionRule.swift in Sources */,
				B58AEED61C492C7B00E901FD /* ForceUnwrappingRule.swift in Sources */,
				E88DEA711B09847500A66CB0 /* ViolationSeverity.swift in Sources */,
				3BD9CD3D1C37175B009A5D25 /* YamlParser.swift in Sources */,
				E88DEA8C1B0999A000A66CB0 /* ASTRule.swift in Sources */,
				E88DEA6B1B0983FE00A66CB0 /* StyleViolation.swift in Sources */,
				3BB47D831C514E8100AE6A10 /* RegexConfiguration.swift in Sources */,
				3B1150CA1C31FC3F00D83B1E /* Yaml+SwiftLint.swift in Sources */,
				3B5B9FE11C444DA20009AD27 /* Array+SwiftLint.swift in Sources */,
				E881985D1BEA97EB00333A11 /* TrailingWhitespaceRule.swift in Sources */,
				E832F10B1B17E2F5003F265F /* NSFileManager+SwiftLint.swift in Sources */,
				E816194C1BFBF35D00946723 /* SwiftDeclarationKind+SwiftLint.swift in Sources */,
				3BA79C9B1C4767910057E705 /* NSRange+SwiftLint.swift in Sources */,
				E86396C21BADAAE5002C9E88 /* Reporter.swift in Sources */,
				E881985F1BEA987C00333A11 /* TypeNameRule.swift in Sources */,
				E88198521BEA941300333A11 /* TodoRule.swift in Sources */,
				3B828E531C546468000D180E /* RuleConfiguration.swift in Sources */,
			);
			runOnlyForDeploymentPostprocessing = 0;
		};
		D0D1217319E87B05005E4BAA /* Sources */ = {
			isa = PBXSourcesBuildPhase;
			buildActionMask = 2147483647;
			files = (
				3B12C9C31C320A53000B423F /* Yaml+SwiftLintTests.swift in Sources */,
				E832F10D1B17E725003F265F /* IntegrationTests.swift in Sources */,
				02FD8AEF1BFC18D60014BFFB /* ExtendedNSStringTests.swift in Sources */,
				D4348EEA1C46122C007707FB /* FunctionBodyLengthRuleTests.swift in Sources */,
				3BB47D871C51DE6E00AE6A10 /* CustomRulesTests.swift in Sources */,
				E812249A1B04F85B001783D2 /* TestHelpers.swift in Sources */,
				E86396C71BADAFE6002C9E88 /* ReporterTests.swift in Sources */,
				3B12C9C71C3361CB000B423F /* RuleTests.swift in Sources */,
				3B30C4A11C3785B300E04027 /* YamlParserTests.swift in Sources */,
				E88198631BEA9A5400333A11 /* RulesTests.swift in Sources */,
				3BCC04D41C502BAB006073C3 /* RuleConfigurationTests.swift in Sources */,
				E809EDA31B8A73FB00399043 /* ConfigurationTests.swift in Sources */,
			);
			runOnlyForDeploymentPostprocessing = 0;
		};
		D0E7B62E19E9C64500EDBA4D /* Sources */ = {
			isa = PBXSourcesBuildPhase;
			buildActionMask = 2147483647;
			files = (
				E8B067811C13E49600E9E13F /* Configuration+CommandLine.swift in Sources */,
				E802ED001C56A56000A35AE1 /* Benchmark.swift in Sources */,
				E83A0B351A5D382B0041A60A /* VersionCommand.swift in Sources */,
				E81FB3E41C6D507B00DC988F /* CommonOptions.swift in Sources */,
				E861519B1B0573B900C54AC0 /* LintCommand.swift in Sources */,
				D0E7B65619E9C76900EDBA4D /* main.swift in Sources */,
				83894F221B0C928A006214E1 /* RulesCommand.swift in Sources */,
				E84E07471C13F95300F11122 /* AutoCorrectCommand.swift in Sources */,
			);
			runOnlyForDeploymentPostprocessing = 0;
		};
/* End PBXSourcesBuildPhase section */

/* Begin PBXTargetDependency section */
		D0AAAB5219FB0960007B24B3 /* PBXTargetDependency */ = {
			isa = PBXTargetDependency;
			target = D0D1216C19E87B05005E4BAA /* SwiftLintFramework */;
			targetProxy = D0AAAB5119FB0960007B24B3 /* PBXContainerItemProxy */;
		};
		D0D1217A19E87B05005E4BAA /* PBXTargetDependency */ = {
			isa = PBXTargetDependency;
			target = D0D1216C19E87B05005E4BAA /* SwiftLintFramework */;
			targetProxy = D0D1217919E87B05005E4BAA /* PBXContainerItemProxy */;
		};
/* End PBXTargetDependency section */

/* Begin XCBuildConfiguration section */
		D0D1211D19E87861005E4BAA /* Debug */ = {
			isa = XCBuildConfiguration;
			baseConfigurationReference = D0D1212619E878CC005E4BAA /* Debug.xcconfig */;
			buildSettings = {
				ENABLE_TESTABILITY = YES;
				GCC_NO_COMMON_BLOCKS = YES;
				GCC_WARN_UNINITIALIZED_AUTOS = YES;
				MACOSX_DEPLOYMENT_TARGET = 10.10;
				ONLY_ACTIVE_ARCH = YES;
			};
			name = Debug;
		};
		D0D1211E19E87861005E4BAA /* Release */ = {
			isa = XCBuildConfiguration;
			baseConfigurationReference = D0D1212819E878CC005E4BAA /* Release.xcconfig */;
			buildSettings = {
				GCC_NO_COMMON_BLOCKS = YES;
				GCC_WARN_UNINITIALIZED_AUTOS = YES;
				MACOSX_DEPLOYMENT_TARGET = 10.10;
			};
			name = Release;
		};
		D0D1218019E87B05005E4BAA /* Debug */ = {
			isa = XCBuildConfiguration;
			baseConfigurationReference = D0D1213719E878CC005E4BAA /* Mac-Framework.xcconfig */;
			buildSettings = {
				APPLICATION_EXTENSION_API_ONLY = NO;
				CURRENT_PROJECT_VERSION = 1;
				DYLIB_COMPATIBILITY_VERSION = 1;
				DYLIB_CURRENT_VERSION = 1;
				EMBEDDED_CONTENT_CONTAINS_SWIFT = YES;
				FRAMEWORK_VERSION = A;
				INFOPLIST_FILE = "Source/SwiftLintFramework/Supporting Files/Info.plist";
				LD_RUNPATH_SEARCH_PATHS = "@loader_path/Frameworks";
				PRODUCT_BUNDLE_IDENTIFIER = "io.realm.$(PRODUCT_NAME:rfc1034identifier)";
				PRODUCT_NAME = SwiftLintFramework;
				VERSIONING_SYSTEM = "apple-generic";
				VERSION_INFO_PREFIX = "";
				WARNING_CFLAGS = (
					"-Wno-error=unknown-warning-option",
					"-Wno-gcc-compat",
					"-Wno-unused-const-variable",
				);
			};
			name = Debug;
		};
		D0D1218119E87B05005E4BAA /* Release */ = {
			isa = XCBuildConfiguration;
			baseConfigurationReference = D0D1213719E878CC005E4BAA /* Mac-Framework.xcconfig */;
			buildSettings = {
				APPLICATION_EXTENSION_API_ONLY = NO;
				CURRENT_PROJECT_VERSION = 1;
				DYLIB_COMPATIBILITY_VERSION = 1;
				DYLIB_CURRENT_VERSION = 1;
				EMBEDDED_CONTENT_CONTAINS_SWIFT = YES;
				FRAMEWORK_VERSION = A;
				INFOPLIST_FILE = "Source/SwiftLintFramework/Supporting Files/Info.plist";
				LD_RUNPATH_SEARCH_PATHS = "@loader_path/Frameworks";
				PRODUCT_BUNDLE_IDENTIFIER = "io.realm.$(PRODUCT_NAME:rfc1034identifier)";
				PRODUCT_NAME = SwiftLintFramework;
				VERSIONING_SYSTEM = "apple-generic";
				VERSION_INFO_PREFIX = "";
				WARNING_CFLAGS = (
					"-Wno-error=unknown-warning-option",
					"-Wno-gcc-compat",
					"-Wno-unused-const-variable",
				);
			};
			name = Release;
		};
		D0D1218219E87B05005E4BAA /* Debug */ = {
			isa = XCBuildConfiguration;
			baseConfigurationReference = D0D1213419E878CC005E4BAA /* Mac-Application.xcconfig */;
			buildSettings = {
				INFOPLIST_FILE = "Tests/SwiftLintFramework/Supporting Files/Info.plist";
				PRODUCT_BUNDLE_IDENTIFIER = "io.realm.$(PRODUCT_NAME:rfc1034identifier)";
				PRODUCT_NAME = SwiftLintFrameworkTests;
			};
			name = Debug;
		};
		D0D1218319E87B05005E4BAA /* Release */ = {
			isa = XCBuildConfiguration;
			baseConfigurationReference = D0D1213419E878CC005E4BAA /* Mac-Application.xcconfig */;
			buildSettings = {
				INFOPLIST_FILE = "Tests/SwiftLintFramework/Supporting Files/Info.plist";
				PRODUCT_BUNDLE_IDENTIFIER = "io.realm.$(PRODUCT_NAME:rfc1034identifier)";
				PRODUCT_NAME = SwiftLintFrameworkTests;
			};
			name = Release;
		};
		D0D1218719E87B38005E4BAA /* Profile */ = {
			isa = XCBuildConfiguration;
			baseConfigurationReference = D0D1212719E878CC005E4BAA /* Profile.xcconfig */;
			buildSettings = {
				GCC_NO_COMMON_BLOCKS = YES;
				GCC_WARN_UNINITIALIZED_AUTOS = YES;
				MACOSX_DEPLOYMENT_TARGET = 10.10;
			};
			name = Profile;
		};
		D0D1218919E87B38005E4BAA /* Profile */ = {
			isa = XCBuildConfiguration;
			baseConfigurationReference = D0D1213719E878CC005E4BAA /* Mac-Framework.xcconfig */;
			buildSettings = {
				APPLICATION_EXTENSION_API_ONLY = NO;
				CURRENT_PROJECT_VERSION = 1;
				DYLIB_COMPATIBILITY_VERSION = 1;
				DYLIB_CURRENT_VERSION = 1;
				EMBEDDED_CONTENT_CONTAINS_SWIFT = YES;
				FRAMEWORK_VERSION = A;
				INFOPLIST_FILE = "Source/SwiftLintFramework/Supporting Files/Info.plist";
				LD_RUNPATH_SEARCH_PATHS = "@loader_path/Frameworks";
				PRODUCT_BUNDLE_IDENTIFIER = "io.realm.$(PRODUCT_NAME:rfc1034identifier)";
				PRODUCT_NAME = SwiftLintFramework;
				VERSIONING_SYSTEM = "apple-generic";
				VERSION_INFO_PREFIX = "";
				WARNING_CFLAGS = (
					"-Wno-error=unknown-warning-option",
					"-Wno-gcc-compat",
					"-Wno-unused-const-variable",
				);
			};
			name = Profile;
		};
		D0D1218A19E87B38005E4BAA /* Profile */ = {
			isa = XCBuildConfiguration;
			baseConfigurationReference = D0D1213419E878CC005E4BAA /* Mac-Application.xcconfig */;
			buildSettings = {
				INFOPLIST_FILE = "Tests/SwiftLintFramework/Supporting Files/Info.plist";
				PRODUCT_BUNDLE_IDENTIFIER = "io.realm.$(PRODUCT_NAME:rfc1034identifier)";
				PRODUCT_NAME = SwiftLintFrameworkTests;
			};
			name = Profile;
		};
		D0D1218B19E87B3B005E4BAA /* Test */ = {
			isa = XCBuildConfiguration;
			baseConfigurationReference = D0D1212919E878CC005E4BAA /* Test.xcconfig */;
			buildSettings = {
				GCC_NO_COMMON_BLOCKS = YES;
				GCC_WARN_UNINITIALIZED_AUTOS = YES;
				MACOSX_DEPLOYMENT_TARGET = 10.10;
			};
			name = Test;
		};
		D0D1218D19E87B3B005E4BAA /* Test */ = {
			isa = XCBuildConfiguration;
			baseConfigurationReference = D0D1213719E878CC005E4BAA /* Mac-Framework.xcconfig */;
			buildSettings = {
				APPLICATION_EXTENSION_API_ONLY = NO;
				CURRENT_PROJECT_VERSION = 1;
				DYLIB_COMPATIBILITY_VERSION = 1;
				DYLIB_CURRENT_VERSION = 1;
				EMBEDDED_CONTENT_CONTAINS_SWIFT = YES;
				FRAMEWORK_VERSION = A;
				INFOPLIST_FILE = "Source/SwiftLintFramework/Supporting Files/Info.plist";
				LD_RUNPATH_SEARCH_PATHS = "@loader_path/Frameworks";
				PRODUCT_BUNDLE_IDENTIFIER = "io.realm.$(PRODUCT_NAME:rfc1034identifier)";
				PRODUCT_NAME = SwiftLintFramework;
				VERSIONING_SYSTEM = "apple-generic";
				VERSION_INFO_PREFIX = "";
				WARNING_CFLAGS = (
					"-Wno-error=unknown-warning-option",
					"-Wno-gcc-compat",
					"-Wno-unused-const-variable",
				);
			};
			name = Test;
		};
		D0D1218E19E87B3B005E4BAA /* Test */ = {
			isa = XCBuildConfiguration;
			baseConfigurationReference = D0D1213419E878CC005E4BAA /* Mac-Application.xcconfig */;
			buildSettings = {
				INFOPLIST_FILE = "Tests/SwiftLintFramework/Supporting Files/Info.plist";
				PRODUCT_BUNDLE_IDENTIFIER = "io.realm.$(PRODUCT_NAME:rfc1034identifier)";
				PRODUCT_NAME = SwiftLintFrameworkTests;
			};
			name = Test;
		};
		D0E7B64A19E9C64600EDBA4D /* Debug */ = {
			isa = XCBuildConfiguration;
			baseConfigurationReference = D0D1213419E878CC005E4BAA /* Mac-Application.xcconfig */;
			buildSettings = {
				INFOPLIST_FILE = "Source/swiftlint/Supporting Files/Info.plist";
				LD_RUNPATH_SEARCH_PATHS = "@executable_path/../Frameworks/SwiftLintFramework.framework/Versions/Current/Frameworks /Library/Frameworks/SwiftLintFramework.framework/Versions/Current/Frameworks /Library/Frameworks";
				PRODUCT_BUNDLE_IDENTIFIER = "io.realm.$(PRODUCT_NAME:rfc1034identifier)";
				PRODUCT_NAME = "$(TARGET_NAME)";
			};
			name = Debug;
		};
		D0E7B64B19E9C64600EDBA4D /* Test */ = {
			isa = XCBuildConfiguration;
			baseConfigurationReference = D0D1213419E878CC005E4BAA /* Mac-Application.xcconfig */;
			buildSettings = {
				INFOPLIST_FILE = "Source/swiftlint/Supporting Files/Info.plist";
				LD_RUNPATH_SEARCH_PATHS = "@executable_path/../Frameworks/SwiftLintFramework.framework/Versions/Current/Frameworks /Library/Frameworks/SwiftLintFramework.framework/Versions/Current/Frameworks /Library/Frameworks";
				PRODUCT_BUNDLE_IDENTIFIER = "io.realm.$(PRODUCT_NAME:rfc1034identifier)";
				PRODUCT_NAME = "$(TARGET_NAME)";
			};
			name = Test;
		};
		D0E7B64C19E9C64600EDBA4D /* Release */ = {
			isa = XCBuildConfiguration;
			baseConfigurationReference = D0D1213419E878CC005E4BAA /* Mac-Application.xcconfig */;
			buildSettings = {
				INFOPLIST_FILE = "Source/swiftlint/Supporting Files/Info.plist";
				LD_RUNPATH_SEARCH_PATHS = "@executable_path/../Frameworks/SwiftLintFramework.framework/Versions/Current/Frameworks /Library/Frameworks/SwiftLintFramework.framework/Versions/Current/Frameworks /Library/Frameworks";
				PRODUCT_BUNDLE_IDENTIFIER = "io.realm.$(PRODUCT_NAME:rfc1034identifier)";
				PRODUCT_NAME = "$(TARGET_NAME)";
			};
			name = Release;
		};
		D0E7B64D19E9C64600EDBA4D /* Profile */ = {
			isa = XCBuildConfiguration;
			baseConfigurationReference = D0D1213419E878CC005E4BAA /* Mac-Application.xcconfig */;
			buildSettings = {
				INFOPLIST_FILE = "Source/swiftlint/Supporting Files/Info.plist";
				LD_RUNPATH_SEARCH_PATHS = "@executable_path/../Frameworks/SwiftLintFramework.framework/Versions/Current/Frameworks /Library/Frameworks/SwiftLintFramework.framework/Versions/Current/Frameworks /Library/Frameworks";
				PRODUCT_BUNDLE_IDENTIFIER = "io.realm.$(PRODUCT_NAME:rfc1034identifier)";
				PRODUCT_NAME = "$(TARGET_NAME)";
			};
			name = Profile;
		};
/* End XCBuildConfiguration section */

/* Begin XCConfigurationList section */
		D0D1211319E87861005E4BAA /* Build configuration list for PBXProject "SwiftLint" */ = {
			isa = XCConfigurationList;
			buildConfigurations = (
				D0D1211D19E87861005E4BAA /* Debug */,
				D0D1218B19E87B3B005E4BAA /* Test */,
				D0D1211E19E87861005E4BAA /* Release */,
				D0D1218719E87B38005E4BAA /* Profile */,
			);
			defaultConfigurationIsVisible = 0;
			defaultConfigurationName = Release;
		};
		D0D1218419E87B05005E4BAA /* Build configuration list for PBXNativeTarget "SwiftLintFramework" */ = {
			isa = XCConfigurationList;
			buildConfigurations = (
				D0D1218019E87B05005E4BAA /* Debug */,
				D0D1218D19E87B3B005E4BAA /* Test */,
				D0D1218119E87B05005E4BAA /* Release */,
				D0D1218919E87B38005E4BAA /* Profile */,
			);
			defaultConfigurationIsVisible = 0;
			defaultConfigurationName = Release;
		};
		D0D1218519E87B05005E4BAA /* Build configuration list for PBXNativeTarget "SwiftLintFrameworkTests" */ = {
			isa = XCConfigurationList;
			buildConfigurations = (
				D0D1218219E87B05005E4BAA /* Debug */,
				D0D1218E19E87B3B005E4BAA /* Test */,
				D0D1218319E87B05005E4BAA /* Release */,
				D0D1218A19E87B38005E4BAA /* Profile */,
			);
			defaultConfigurationIsVisible = 0;
			defaultConfigurationName = Release;
		};
		D0E7B64919E9C64600EDBA4D /* Build configuration list for PBXNativeTarget "swiftlint" */ = {
			isa = XCConfigurationList;
			buildConfigurations = (
				D0E7B64A19E9C64600EDBA4D /* Debug */,
				D0E7B64B19E9C64600EDBA4D /* Test */,
				D0E7B64C19E9C64600EDBA4D /* Release */,
				D0E7B64D19E9C64600EDBA4D /* Profile */,
			);
			defaultConfigurationIsVisible = 0;
			defaultConfigurationName = Release;
		};
/* End XCConfigurationList section */
	};
	rootObject = D0D1211019E87861005E4BAA /* Project object */;
}
