{
  "object": {
    "pins": [
      {
        "package": "Commandant",
        "repositoryURL": "https://github.com/Carthage/Commandant.git",
        "state": {
          "branch": null,
          "revision": "07cad52573bad19d95844035bf0b25acddf6b0f6",
          "version": "0.15.0"
        }
      },
      {
        "package": "Nimble",
        "repositoryURL": "https://github.com/Quick/Nimble.git",
        "state": {
          "branch": null,
          "revision": "9c1379fdcd58c4f2278aea5e029394ba9a2b8f07",
          "version": "7.1.3"
        }
      },
      {
        "package": "Quick",
        "repositoryURL": "https://github.com/Quick/Quick.git",
        "state": {
          "branch": null,
          "revision": "b060679e70d13c3c7dcd124201b5b1b34ce6f340",
          "version": "1.3.1"
        }
      },
      {
        "package": "Result",
        "repositoryURL": "https://github.com/antitypical/Result.git",
        "state": {
          "branch": null,
          "revision": "8fc088dcf72802801efeecba76ea8fb041fb773d",
          "version": "4.0.0"
        }
      },
      {
        "package": "SourceKitten",
        "repositoryURL": "https://github.com/jpsim/SourceKitten.git",
        "state": {
          "branch": null,
          "revision": "e6efd3d8702fe6668ac43aa882d56f82430c6caf",
          "version": "0.21.1"
        }
      },
      {
        "package": "SwiftyTextTable",
        "repositoryURL": "https://github.com/scottrhoyt/SwiftyTextTable.git",
        "state": {
          "branch": null,
          "revision": "89728970c0a244c43f29c4155a1b1dc20b3c4633",
          "version": "0.8.0"
        }
      },
      {
        "package": "SWXMLHash",
        "repositoryURL": "https://github.com/drmohundro/SWXMLHash.git",
        "state": {
          "branch": null,
          "revision": "24698592b581aef2bdbfc86ce18695708038c624",
          "version": "4.7.1"
        }
      },
      {
        "package": "Yams",
        "repositoryURL": "https://github.com/jpsim/Yams.git",
        "state": {
          "branch": null,
          "revision": "618582e09699b577fa183bab7d88e3ee7d9a1d19",
          "version": "1.0.0"
        }
      }
    ]
  },
  "version": 1
}
