{
  "object": {
    "pins": [
      {
        "package": "Clang_C",
        "repositoryURL": "https://github.com/norio-nomura/Clang_C.git",
        "state": {
          "branch": null,
          "revision": "90a9574276f0fd17f02f58979423c3fd4d73b59e",
          "version": "1.0.2"
        }
      },
      {
        "package": "Commandant",
        "repositoryURL": "https://github.com/Carthage/Commandant.git",
        "state": {
          "branch": null,
          "revision": "c281992c31c3f41c48b5036c5a38185eaec32626",
          "version": "0.12.0"
        }
      },
      {
        "package": "Result",
        "repositoryURL": "https://github.com/antitypical/Result.git",
        "state": {
          "branch": null,
          "revision": "f460dee9c9de710463c91a505c1b4a566de7621c",
          "version": "3.2.2"
        }
      },
      {
        "package": "SWXMLHash",
        "repositoryURL": "/Users/jp/Projects/SWXMLHash",
        "state": {
          "branch": null,
          "revision": "4cb1b72d406b4309aed6e6b2f11f46aa83dacbf7",
          "version": "4.0.0"
        }
      },
      {
        "package": "SourceKit",
        "repositoryURL": "https://github.com/norio-nomura/SourceKit.git",
        "state": {
          "branch": null,
          "revision": "18eaa67ca44443bbe39646916792b9f0c98dbaa1",
          "version": "1.0.1"
        }
      },
      {
        "package": "SourceKitten",
        "repositoryURL": "/Users/jp/Projects/SourceKitten",
        "state": {
          "branch": null,
          "revision": "de6f35357112c9399eff903c98bcb3b9d27e9ca5",
          "version": "1.0.0"
        }
      },
      {
        "package": "SwiftyTextTable",
        "repositoryURL": "/Users/jp/Projects/SwiftyTextTable",
        "state": {
          "branch": null,
          "revision": "15f72002eea8e3b446d104d18225b6a828218d32",
          "version": "1.0.0"
        }
      },
      {
        "package": "Yams",
        "repositoryURL": "/Users/jp/Projects/Yams",
        "state": {
          "branch": null,
          "revision": "c002c8c9014ba804beef17e3bfc3feec8dcf00a1",
          "version": "1.0.0"
        }
      }
    ]
  },
  "version": 1
}
